// !$*UTF8*$!
{
	archiveVersion = 1;
	classes = {
	};
	objectVersion = 56;
	objects = {

/* Begin PBXBuildFile section */
		141610932AD57F9D003A5CFA /* AppDelegate.swift in Sources */ = {isa = PBXBuildFile; fileRef = 141610922AD57F9D003A5CFA /* AppDelegate.swift */; };
		141610952AD57F9D003A5CFA /* SceneDelegate.swift in Sources */ = {isa = PBXBuildFile; fileRef = 141610942AD57F9D003A5CFA /* SceneDelegate.swift */; };
		141610972AD57F9D003A5CFA /* ShopViewController.swift in Sources */ = {isa = PBXBuildFile; fileRef = 141610962AD57F9D003A5CFA /* ShopViewController.swift */; };
		1416109C2AD57F9F003A5CFA /* Assets.xcassets in Resources */ = {isa = PBXBuildFile; fileRef = 1416109B2AD57F9F003A5CFA /* Assets.xcassets */; };
		1416109F2AD57F9F003A5CFA /* LaunchScreen.storyboard in Resources */ = {isa = PBXBuildFile; fileRef = 1416109D2AD57F9F003A5CFA /* LaunchScreen.storyboard */; };
		141610AE2AD5805D003A5CFA /* ShopView.swift in Sources */ = {isa = PBXBuildFile; fileRef = 141610AD2AD5805D003A5CFA /* ShopView.swift */; };
		141610B02AD58075003A5CFA /* BacketViewController.swift in Sources */ = {isa = PBXBuildFile; fileRef = 141610AF2AD58075003A5CFA /* BacketViewController.swift */; };
		141610B32AD580B5003A5CFA /* BacketView.swift in Sources */ = {isa = PBXBuildFile; fileRef = 141610B22AD580B5003A5CFA /* BacketView.swift */; };
		141610B52AD5896B003A5CFA /* DataBase.swift in Sources */ = {isa = PBXBuildFile; fileRef = 141610B42AD5896B003A5CFA /* DataBase.swift */; };
		141610B72AD589D0003A5CFA /* Auto.swift in Sources */ = {isa = PBXBuildFile; fileRef = 141610B62AD589D0003A5CFA /* Auto.swift */; };
		141610BA2AD58E51003A5CFA /* ShopTableDataSource.swift in Sources */ = {isa = PBXBuildFile; fileRef = 141610B92AD58E51003A5CFA /* ShopTableDataSource.swift */; };
		141610BC2AD5AC79003A5CFA /* DataBaseBaket.swift in Sources */ = {isa = PBXBuildFile; fileRef = 141610BB2AD5AC79003A5CFA /* DataBaseBaket.swift */; };
		141610BE2AD5B25A003A5CFA /* BacketTableViewDataSource.swift in Sources */ = {isa = PBXBuildFile; fileRef = 141610BD2AD5B25A003A5CFA /* BacketTableViewDataSource.swift */; };
/* End PBXBuildFile section */

/* Begin PBXFileReference section */
		1416108F2AD57F9D003A5CFA /* autoShop.app */ = {isa = PBXFileReference; explicitFileType = wrapper.application; includeInIndex = 0; path = autoShop.app; sourceTree = BUILT_PRODUCTS_DIR; };
		141610922AD57F9D003A5CFA /* AppDelegate.swift */ = {isa = PBXFileReference; lastKnownFileType = sourcecode.swift; path = AppDelegate.swift; sourceTree = "<group>"; };
		141610942AD57F9D003A5CFA /* SceneDelegate.swift */ = {isa = PBXFileReference; lastKnownFileType = sourcecode.swift; path = SceneDelegate.swift; sourceTree = "<group>"; };
		141610962AD57F9D003A5CFA /* ShopViewController.swift */ = {isa = PBXFileReference; lastKnownFileType = sourcecode.swift; path = ShopViewController.swift; sourceTree = "<group>"; };
		1416109B2AD57F9F003A5CFA /* Assets.xcassets */ = {isa = PBXFileReference; lastKnownFileType = folder.assetcatalog; path = Assets.xcassets; sourceTree = "<group>"; };
		1416109E2AD57F9F003A5CFA /* Base */ = {isa = PBXFileReference; lastKnownFileType = file.storyboard; name = Base; path = Base.lproj/LaunchScreen.storyboard; sourceTree = "<group>"; };
		141610A02AD57F9F003A5CFA /* Info.plist */ = {isa = PBXFileReference; lastKnownFileType = text.plist.xml; path = Info.plist; sourceTree = "<group>"; };
		141610AD2AD5805D003A5CFA /* ShopView.swift */ = {isa = PBXFileReference; lastKnownFileType = sourcecode.swift; path = ShopView.swift; sourceTree = "<group>"; };
		141610AF2AD58075003A5CFA /* BacketViewController.swift */ = {isa = PBXFileReference; lastKnownFileType = sourcecode.swift; path = BacketViewController.swift; sourceTree = "<group>"; };
		141610B22AD580B5003A5CFA /* BacketView.swift */ = {isa = PBXFileReference; lastKnownFileType = sourcecode.swift; path = BacketView.swift; sourceTree = "<group>"; };
		141610B42AD5896B003A5CFA /* DataBase.swift */ = {isa = PBXFileReference; lastKnownFileType = sourcecode.swift; path = DataBase.swift; sourceTree = "<group>"; };
		141610B62AD589D0003A5CFA /* Auto.swift */ = {isa = PBXFileReference; lastKnownFileType = sourcecode.swift; path = Auto.swift; sourceTree = "<group>"; };
		141610B92AD58E51003A5CFA /* ShopTableDataSource.swift */ = {isa = PBXFileReference; lastKnownFileType = sourcecode.swift; path = ShopTableDataSource.swift; sourceTree = "<group>"; };
		141610BB2AD5AC79003A5CFA /* DataBaseBaket.swift */ = {isa = PBXFileReference; lastKnownFileType = sourcecode.swift; path = DataBaseBaket.swift; sourceTree = "<group>"; };
		141610BD2AD5B25A003A5CFA /* BacketTableViewDataSource.swift */ = {isa = PBXFileReference; lastKnownFileType = sourcecode.swift; path = BacketTableViewDataSource.swift; sourceTree = "<group>"; };
/* End PBXFileReference section */

/* Begin PBXFrameworksBuildPhase section */
		1416108C2AD57F9D003A5CFA /* Frameworks */ = {
			isa = PBXFrameworksBuildPhase;
			buildActionMask = 2147483647;
			files = (
			);
			runOnlyForDeploymentPostprocessing = 0;
		};
/* End PBXFrameworksBuildPhase section */

/* Begin PBXGroup section */
		141610862AD57F9D003A5CFA = {
			isa = PBXGroup;
			children = (
				141610912AD57F9D003A5CFA /* autoShop */,
				141610902AD57F9D003A5CFA /* Products */,
			);
			sourceTree = "<group>";
		};
		141610902AD57F9D003A5CFA /* Products */ = {
			isa = PBXGroup;
			children = (
				1416108F2AD57F9D003A5CFA /* autoShop.app */,
			);
			name = Products;
			sourceTree = "<group>";
		};
		141610912AD57F9D003A5CFA /* autoShop */ = {
			isa = PBXGroup;
			children = (
				141610A82AD57FCA003A5CFA /* Resources */,
				141610A72AD57FC0003A5CFA /* Develop */,
				141610A62AD57FA7003A5CFA /* Application */,
			);
			path = autoShop;
			sourceTree = "<group>";
		};
		141610A62AD57FA7003A5CFA /* Application */ = {
			isa = PBXGroup;
			children = (
				141610922AD57F9D003A5CFA /* AppDelegate.swift */,
				141610942AD57F9D003A5CFA /* SceneDelegate.swift */,
				1416109D2AD57F9F003A5CFA /* LaunchScreen.storyboard */,
			);
			path = Application;
			sourceTree = "<group>";
		};
		141610A72AD57FC0003A5CFA /* Develop */ = {
			isa = PBXGroup;
			children = (
				141610AC2AD5802B003A5CFA /* Backet */,
				141610AB2AD5801F003A5CFA /* Shop */,
				141610AA2AD5800C003A5CFA /* Manager */,
			);
			path = Develop;
			sourceTree = "<group>";
		};
		141610A82AD57FCA003A5CFA /* Resources */ = {
			isa = PBXGroup;
			children = (
				1416109B2AD57F9F003A5CFA /* Assets.xcassets */,
				141610A02AD57F9F003A5CFA /* Info.plist */,
			);
			path = Resources;
			sourceTree = "<group>";
		};
		141610AA2AD5800C003A5CFA /* Manager */ = {
			isa = PBXGroup;
			children = (
				141610B42AD5896B003A5CFA /* DataBase.swift */,
				141610B62AD589D0003A5CFA /* Auto.swift */,
				141610B92AD58E51003A5CFA /* ShopTableDataSource.swift */,
				141610BB2AD5AC79003A5CFA /* DataBaseBaket.swift */,
				141610BD2AD5B25A003A5CFA /* BacketTableViewDataSource.swift */,
			);
			path = Manager;
			sourceTree = "<group>";
		};
		141610AB2AD5801F003A5CFA /* Shop */ = {
			isa = PBXGroup;
			children = (
				141610962AD57F9D003A5CFA /* ShopViewController.swift */,
				141610AD2AD5805D003A5CFA /* ShopView.swift */,
			);
			path = Shop;
			sourceTree = "<group>";
		};
		141610AC2AD5802B003A5CFA /* Backet */ = {
			isa = PBXGroup;
			children = (
				141610AF2AD58075003A5CFA /* BacketViewController.swift */,
				141610B22AD580B5003A5CFA /* BacketView.swift */,
			);
			path = Backet;
			sourceTree = "<group>";
		};
/* End PBXGroup section */

/* Begin PBXNativeTarget section */
		1416108E2AD57F9D003A5CFA /* autoShop */ = {
			isa = PBXNativeTarget;
			buildConfigurationList = 141610A32AD57F9F003A5CFA /* Build configuration list for PBXNativeTarget "autoShop" */;
			buildPhases = (
				1416108B2AD57F9D003A5CFA /* Sources */,
				1416108C2AD57F9D003A5CFA /* Frameworks */,
				1416108D2AD57F9D003A5CFA /* Resources */,
			);
			buildRules = (
			);
			dependencies = (
			);
			name = autoShop;
			productName = autoShop;
			productReference = 1416108F2AD57F9D003A5CFA /* autoShop.app */;
			productType = "com.apple.product-type.application";
		};
/* End PBXNativeTarget section */

/* Begin PBXProject section */
		141610872AD57F9D003A5CFA /* Project object */ = {
			isa = PBXProject;
			attributes = {
				BuildIndependentTargetsInParallel = 1;
				LastSwiftUpdateCheck = 1500;
				LastUpgradeCheck = 1500;
				TargetAttributes = {
					1416108E2AD57F9D003A5CFA = {
						CreatedOnToolsVersion = 15.0;
					};
				};
			};
			buildConfigurationList = 1416108A2AD57F9D003A5CFA /* Build configuration list for PBXProject "autoShop" */;
			compatibilityVersion = "Xcode 14.0";
			developmentRegion = en;
			hasScannedForEncodings = 0;
			knownRegions = (
				en,
				Base,
			);
			mainGroup = 141610862AD57F9D003A5CFA;
			productRefGroup = 141610902AD57F9D003A5CFA /* Products */;
			projectDirPath = "";
			projectRoot = "";
			targets = (
				1416108E2AD57F9D003A5CFA /* autoShop */,
			);
		};
/* End PBXProject section */

/* Begin PBXResourcesBuildPhase section */
		1416108D2AD57F9D003A5CFA /* Resources */ = {
			isa = PBXResourcesBuildPhase;
			buildActionMask = 2147483647;
			files = (
				1416109F2AD57F9F003A5CFA /* LaunchScreen.storyboard in Resources */,
				1416109C2AD57F9F003A5CFA /* Assets.xcassets in Resources */,
			);
			runOnlyForDeploymentPostprocessing = 0;
		};
/* End PBXResourcesBuildPhase section */

/* Begin PBXSourcesBuildPhase section */
		1416108B2AD57F9D003A5CFA /* Sources */ = {
			isa = PBXSourcesBuildPhase;
			buildActionMask = 2147483647;
			files = (
				141610BE2AD5B25A003A5CFA /* BacketTableViewDataSource.swift in Sources */,
				141610B02AD58075003A5CFA /* BacketViewController.swift in Sources */,
				141610972AD57F9D003A5CFA /* ShopViewController.swift in Sources */,
				141610BC2AD5AC79003A5CFA /* DataBaseBaket.swift in Sources */,
				141610BA2AD58E51003A5CFA /* ShopTableDataSource.swift in Sources */,
				141610932AD57F9D003A5CFA /* AppDelegate.swift in Sources */,
				141610AE2AD5805D003A5CFA /* ShopView.swift in Sources */,
				141610B52AD5896B003A5CFA /* DataBase.swift in Sources */,
				141610B32AD580B5003A5CFA /* BacketView.swift in Sources */,
				141610B72AD589D0003A5CFA /* Auto.swift in Sources */,
				141610952AD57F9D003A5CFA /* SceneDelegate.swift in Sources */,
			);
			runOnlyForDeploymentPostprocessing = 0;
		};
/* End PBXSourcesBuildPhase section */

/* Begin PBXVariantGroup section */
		1416109D2AD57F9F003A5CFA /* LaunchScreen.storyboard */ = {
			isa = PBXVariantGroup;
			children = (
				1416109E2AD57F9F003A5CFA /* Base */,
			);
			name = LaunchScreen.storyboard;
			sourceTree = "<group>";
		};
/* End PBXVariantGroup section */

/* Begin XCBuildConfiguration section */
		141610A12AD57F9F003A5CFA /* Debug */ = {
			isa = XCBuildConfiguration;
			buildSettings = {
				ALWAYS_SEARCH_USER_PATHS = NO;
				ASSETCATALOG_COMPILER_GENERATE_SWIFT_ASSET_SYMBOL_EXTENSIONS = YES;
				CLANG_ANALYZER_NONNULL = YES;
				CLANG_ANALYZER_NUMBER_OBJECT_CONVERSION = YES_AGGRESSIVE;
				CLANG_CXX_LANGUAGE_STANDARD = "gnu++20";
				CLANG_ENABLE_MODULES = YES;
				CLANG_ENABLE_OBJC_ARC = YES;
				CLANG_ENABLE_OBJC_WEAK = YES;
				CLANG_WARN_BLOCK_CAPTURE_AUTORELEASING = YES;
				CLANG_WARN_BOOL_CONVERSION = YES;
				CLANG_WARN_COMMA = YES;
				CLANG_WARN_CONSTANT_CONVERSION = YES;
				CLANG_WARN_DEPRECATED_OBJC_IMPLEMENTATIONS = YES;
				CLANG_WARN_DIRECT_OBJC_ISA_USAGE = YES_ERROR;
				CLANG_WARN_DOCUMENTATION_COMMENTS = YES;
				CLANG_WARN_EMPTY_BODY = YES;
				CLANG_WARN_ENUM_CONVERSION = YES;
				CLANG_WARN_INFINITE_RECURSION = YES;
				CLANG_WARN_INT_CONVERSION = YES;
				CLANG_WARN_NON_LITERAL_NULL_CONVERSION = YES;
				CLANG_WARN_OBJC_IMPLICIT_RETAIN_SELF = YES;
				CLANG_WARN_OBJC_LITERAL_CONVERSION = YES;
				CLANG_WARN_OBJC_ROOT_CLASS = YES_ERROR;
				CLANG_WARN_QUOTED_INCLUDE_IN_FRAMEWORK_HEADER = YES;
				CLANG_WARN_RANGE_LOOP_ANALYSIS = YES;
				CLANG_WARN_STRICT_PROTOTYPES = YES;
				CLANG_WARN_SUSPICIOUS_MOVE = YES;
				CLANG_WARN_UNGUARDED_AVAILABILITY = YES_AGGRESSIVE;
				CLANG_WARN_UNREACHABLE_CODE = YES;
				CLANG_WARN__DUPLICATE_METHOD_MATCH = YES;
				COPY_PHASE_STRIP = NO;
				DEBUG_INFORMATION_FORMAT = dwarf;
				ENABLE_STRICT_OBJC_MSGSEND = YES;
				ENABLE_TESTABILITY = YES;
				ENABLE_USER_SCRIPT_SANDBOXING = YES;
				GCC_C_LANGUAGE_STANDARD = gnu17;
				GCC_DYNAMIC_NO_PIC = NO;
				GCC_NO_COMMON_BLOCKS = YES;
				GCC_OPTIMIZATION_LEVEL = 0;
				GCC_PREPROCESSOR_DEFINITIONS = (
					"DEBUG=1",
					"$(inherited)",
				);
				GCC_WARN_64_TO_32_BIT_CONVERSION = YES;
				GCC_WARN_ABOUT_RETURN_TYPE = YES_ERROR;
				GCC_WARN_UNDECLARED_SELECTOR = YES;
				GCC_WARN_UNINITIALIZED_AUTOS = YES_AGGRESSIVE;
				GCC_WARN_UNUSED_FUNCTION = YES;
				GCC_WARN_UNUSED_VARIABLE = YES;
				IPHONEOS_DEPLOYMENT_TARGET = 17.0;
				LOCALIZATION_PREFERS_STRING_CATALOGS = YES;
				MTL_ENABLE_DEBUG_INFO = INCLUDE_SOURCE;
				MTL_FAST_MATH = YES;
				ONLY_ACTIVE_ARCH = YES;
				SDKROOT = iphoneos;
				SWIFT_ACTIVE_COMPILATION_CONDITIONS = "DEBUG $(inherited)";
				SWIFT_OPTIMIZATION_LEVEL = "-Onone";
			};
			name = Debug;
		};
		141610A22AD57F9F003A5CFA /* Release */ = {
			isa = XCBuildConfiguration;
			buildSettings = {
				ALWAYS_SEARCH_USER_PATHS = NO;
				ASSETCATALOG_COMPILER_GENERATE_SWIFT_ASSET_SYMBOL_EXTENSIONS = YES;
				CLANG_ANALYZER_NONNULL = YES;
				CLANG_ANALYZER_NUMBER_OBJECT_CONVERSION = YES_AGGRESSIVE;
				CLANG_CXX_LANGUAGE_STANDARD = "gnu++20";
				CLANG_ENABLE_MODULES = YES;
				CLANG_ENABLE_OBJC_ARC = YES;
				CLANG_ENABLE_OBJC_WEAK = YES;
				CLANG_WARN_BLOCK_CAPTURE_AUTORELEASING = YES;
				CLANG_WARN_BOOL_CONVERSION = YES;
				CLANG_WARN_COMMA = YES;
				CLANG_WARN_CONSTANT_CONVERSION = YES;
				CLANG_WARN_DEPRECATED_OBJC_IMPLEMENTATIONS = YES;
				CLANG_WARN_DIRECT_OBJC_ISA_USAGE = YES_ERROR;
				CLANG_WARN_DOCUMENTATION_COMMENTS = YES;
				CLANG_WARN_EMPTY_BODY = YES;
				CLANG_WARN_ENUM_CONVERSION = YES;
				CLANG_WARN_INFINITE_RECURSION = YES;
				CLANG_WARN_INT_CONVERSION = YES;
				CLANG_WARN_NON_LITERAL_NULL_CONVERSION = YES;
				CLANG_WARN_OBJC_IMPLICIT_RETAIN_SELF = YES;
				CLANG_WARN_OBJC_LITERAL_CONVERSION = YES;
				CLANG_WARN_OBJC_ROOT_CLASS = YES_ERROR;
				CLANG_WARN_QUOTED_INCLUDE_IN_FRAMEWORK_HEADER = YES;
				CLANG_WARN_RANGE_LOOP_ANALYSIS = YES;
				CLANG_WARN_STRICT_PROTOTYPES = YES;
				CLANG_WARN_SUSPICIOUS_MOVE = YES;
				CLANG_WARN_UNGUARDED_AVAILABILITY = YES_AGGRESSIVE;
				CLANG_WARN_UNREACHABLE_CODE = YES;
				CLANG_WARN__DUPLICATE_METHOD_MATCH = YES;
				COPY_PHASE_STRIP = NO;
				DEBUG_INFORMATION_FORMAT = "dwarf-with-dsym";
				ENABLE_NS_ASSERTIONS = NO;
				ENABLE_STRICT_OBJC_MSGSEND = YES;
				ENABLE_USER_SCRIPT_SANDBOXING = YES;
				GCC_C_LANGUAGE_STANDARD = gnu17;
				GCC_NO_COMMON_BLOCKS = YES;
				GCC_WARN_64_TO_32_BIT_CONVERSION = YES;
				GCC_WARN_ABOUT_RETURN_TYPE = YES_ERROR;
				GCC_WARN_UNDECLARED_SELECTOR = YES;
				GCC_WARN_UNINITIALIZED_AUTOS = YES_AGGRESSIVE;
				GCC_WARN_UNUSED_FUNCTION = YES;
				GCC_WARN_UNUSED_VARIABLE = YES;
				IPHONEOS_DEPLOYMENT_TARGET = 17.0;
				LOCALIZATION_PREFERS_STRING_CATALOGS = YES;
				MTL_ENABLE_DEBUG_INFO = NO;
				MTL_FAST_MATH = YES;
				SDKROOT = iphoneos;
				SWIFT_COMPILATION_MODE = wholemodule;
				VALIDATE_PRODUCT = YES;
			};
			name = Release;
		};
		141610A42AD57F9F003A5CFA /* Debug */ = {
			isa = XCBuildConfiguration;
			buildSettings = {
				ASSETCATALOG_COMPILER_APPICON_NAME = AppIcon;
				ASSETCATALOG_COMPILER_GLOBAL_ACCENT_COLOR_NAME = AccentColor;
				CODE_SIGN_STYLE = Automatic;
				CURRENT_PROJECT_VERSION = 1;
				GENERATE_INFOPLIST_FILE = YES;
				INFOPLIST_FILE = autoShop/Resources/Info.plist;
				INFOPLIST_KEY_UIApplicationSupportsIndirectInputEvents = YES;
				INFOPLIST_KEY_UILaunchStoryboardName = LaunchScreen;
				INFOPLIST_KEY_UISupportedInterfaceOrientations_iPad = "UIInterfaceOrientationPortrait UIInterfaceOrientationPortraitUpsideDown UIInterfaceOrientationLandscapeLeft UIInterfaceOrientationLandscapeRight";
				INFOPLIST_KEY_UISupportedInterfaceOrientations_iPhone = "UIInterfaceOrientationPortrait UIInterfaceOrientationLandscapeLeft UIInterfaceOrientationLandscapeRight";
				LD_RUNPATH_SEARCH_PATHS = (
					"$(inherited)",
					"@executable_path/Frameworks",
				);
				MARKETING_VERSION = 1.0;
				PRODUCT_BUNDLE_IDENTIFIER = ww.autoShop;
				PRODUCT_NAME = "$(TARGET_NAME)";
				SWIFT_EMIT_LOC_STRINGS = YES;
				SWIFT_VERSION = 5.0;
				TARGETED_DEVICE_FAMILY = "1,2";
			};
			name = Debug;
		};
		141610A52AD57F9F003A5CFA /* Release */ = {
			isa = XCBuildConfiguration;
			buildSettings = {
				ASSETCATALOG_COMPILER_APPICON_NAME = AppIcon;
				ASSETCATALOG_COMPILER_GLOBAL_ACCENT_COLOR_NAME = AccentColor;
				CODE_SIGN_STYLE = Automatic;
				CURRENT_PROJECT_VERSION = 1;
				GENERATE_INFOPLIST_FILE = YES;
				INFOPLIST_FILE = autoShop/Resources/Info.plist;
				INFOPLIST_KEY_UIApplicationSupportsIndirectInputEvents = YES;
				INFOPLIST_KEY_UILaunchStoryboardName = LaunchScreen;
				INFOPLIST_KEY_UISupportedInterfaceOrientations_iPad = "UIInterfaceOrientationPortrait UIInterfaceOrientationPortraitUpsideDown UIInterfaceOrientationLandscapeLeft UIInterfaceOrientationLandscapeRight";
				INFOPLIST_KEY_UISupportedInterfaceOrientations_iPhone = "UIInterfaceOrientationPortrait UIInterfaceOrientationLandscapeLeft UIInterfaceOrientationLandscapeRight";
				LD_RUNPATH_SEARCH_PATHS = (
					"$(inherited)",
					"@executable_path/Frameworks",
				);
				MARKETING_VERSION = 1.0;
				PRODUCT_BUNDLE_IDENTIFIER = ww.autoShop;
				PRODUCT_NAME = "$(TARGET_NAME)";
				SWIFT_EMIT_LOC_STRINGS = YES;
				SWIFT_VERSION = 5.0;
				TARGETED_DEVICE_FAMILY = "1,2";
			};
			name = Release;
		};
/* End XCBuildConfiguration section */

/* Begin XCConfigurationList section */
		1416108A2AD57F9D003A5CFA /* Build configuration list for PBXProject "autoShop" */ = {
			isa = XCConfigurationList;
			buildConfigurations = (
				141610A12AD57F9F003A5CFA /* Debug */,
				141610A22AD57F9F003A5CFA /* Release */,
			);
			defaultConfigurationIsVisible = 0;
			defaultConfigurationName = Release;
		};
		141610A32AD57F9F003A5CFA /* Build configuration list for PBXNativeTarget "autoShop" */ = {
			isa = XCConfigurationList;
			buildConfigurations = (
				141610A42AD57F9F003A5CFA /* Debug */,
				141610A52AD57F9F003A5CFA /* Release */,
			);
			defaultConfigurationIsVisible = 0;
			defaultConfigurationName = Release;
		};
/* End XCConfigurationList section */
	};
	rootObject = 141610872AD57F9D003A5CFA /* Project object */;
}
