// !$*UTF8*$!
{
	archiveVersion = 1;
	classes = {
	};
	objectVersion = 56;
	objects = {

/* Begin PBXBuildFile section */
		620717E62ABF88DF000CCC37 /* AccountViewController.swift in Sources */ = {isa = PBXBuildFile; fileRef = 620717E52ABF88DF000CCC37 /* AccountViewController.swift */; };
		620717E82AC0C417000CCC37 /* BasketViewController.swift in Sources */ = {isa = PBXBuildFile; fileRef = 620717E72AC0C417000CCC37 /* BasketViewController.swift */; };
		620717EA2AC0CF58000CCC37 /* BasketTableViewCell.swift in Sources */ = {isa = PBXBuildFile; fileRef = 620717E92AC0CF58000CCC37 /* BasketTableViewCell.swift */; };
		620717EC2AC0D12B000CCC37 /* ProductCard.swift in Sources */ = {isa = PBXBuildFile; fileRef = 620717EB2AC0D12B000CCC37 /* ProductCard.swift */; };
		620717EE2AC0EAA6000CCC37 /* ShopViewController.swift in Sources */ = {isa = PBXBuildFile; fileRef = 620717ED2AC0EAA6000CCC37 /* ShopViewController.swift */; };
		62849A5E2AC0F37B009B5FCB /* OnePicrureTableViewCell.swift in Sources */ = {isa = PBXBuildFile; fileRef = 62849A5D2AC0F37B009B5FCB /* OnePicrureTableViewCell.swift */; };
		62849A602AC0F3A0009B5FCB /* TwoPictureTableViewCell.swift in Sources */ = {isa = PBXBuildFile; fileRef = 62849A5F2AC0F3A0009B5FCB /* TwoPictureTableViewCell.swift */; };
		62A27A8C2ABD70ED009EA305 /* AppDelegate.swift in Sources */ = {isa = PBXBuildFile; fileRef = 62A27A8B2ABD70ED009EA305 /* AppDelegate.swift */; };
		62A27A8E2ABD70ED009EA305 /* SceneDelegate.swift in Sources */ = {isa = PBXBuildFile; fileRef = 62A27A8D2ABD70ED009EA305 /* SceneDelegate.swift */; };
		62A27A902ABD70ED009EA305 /* ViewController.swift in Sources */ = {isa = PBXBuildFile; fileRef = 62A27A8F2ABD70ED009EA305 /* ViewController.swift */; };
		62A27A952ABD70EE009EA305 /* Assets.xcassets in Resources */ = {isa = PBXBuildFile; fileRef = 62A27A942ABD70EE009EA305 /* Assets.xcassets */; };
		62A27A982ABD70EE009EA305 /* LaunchScreen.storyboard in Resources */ = {isa = PBXBuildFile; fileRef = 62A27A962ABD70EE009EA305 /* LaunchScreen.storyboard */; };
/* End PBXBuildFile section */

/* Begin PBXFileReference section */
		620717E52ABF88DF000CCC37 /* AccountViewController.swift */ = {isa = PBXFileReference; lastKnownFileType = sourcecode.swift; path = AccountViewController.swift; sourceTree = "<group>"; };
		620717E72AC0C417000CCC37 /* BasketViewController.swift */ = {isa = PBXFileReference; lastKnownFileType = sourcecode.swift; path = BasketViewController.swift; sourceTree = "<group>"; };
		620717E92AC0CF58000CCC37 /* BasketTableViewCell.swift */ = {isa = PBXFileReference; lastKnownFileType = sourcecode.swift; path = BasketTableViewCell.swift; sourceTree = "<group>"; };
		620717EB2AC0D12B000CCC37 /* ProductCard.swift */ = {isa = PBXFileReference; lastKnownFileType = sourcecode.swift; path = ProductCard.swift; sourceTree = "<group>"; };
		620717ED2AC0EAA6000CCC37 /* ShopViewController.swift */ = {isa = PBXFileReference; lastKnownFileType = sourcecode.swift; path = ShopViewController.swift; sourceTree = "<group>"; };
		62849A5D2AC0F37B009B5FCB /* OnePicrureTableViewCell.swift */ = {isa = PBXFileReference; lastKnownFileType = sourcecode.swift; path = OnePicrureTableViewCell.swift; sourceTree = "<group>"; };
		62849A5F2AC0F3A0009B5FCB /* TwoPictureTableViewCell.swift */ = {isa = PBXFileReference; lastKnownFileType = sourcecode.swift; path = TwoPictureTableViewCell.swift; sourceTree = "<group>"; };
		62A27A882ABD70ED009EA305 /* HomeWork_3.app */ = {isa = PBXFileReference; explicitFileType = wrapper.application; includeInIndex = 0; path = HomeWork_3.app; sourceTree = BUILT_PRODUCTS_DIR; };
		62A27A8B2ABD70ED009EA305 /* AppDelegate.swift */ = {isa = PBXFileReference; lastKnownFileType = sourcecode.swift; path = AppDelegate.swift; sourceTree = "<group>"; };
		62A27A8D2ABD70ED009EA305 /* SceneDelegate.swift */ = {isa = PBXFileReference; lastKnownFileType = sourcecode.swift; path = SceneDelegate.swift; sourceTree = "<group>"; };
		62A27A8F2ABD70ED009EA305 /* ViewController.swift */ = {isa = PBXFileReference; lastKnownFileType = sourcecode.swift; path = ViewController.swift; sourceTree = "<group>"; };
		62A27A942ABD70EE009EA305 /* Assets.xcassets */ = {isa = PBXFileReference; lastKnownFileType = folder.assetcatalog; path = Assets.xcassets; sourceTree = "<group>"; };
		62A27A972ABD70EE009EA305 /* Base */ = {isa = PBXFileReference; lastKnownFileType = file.storyboard; name = Base; path = Base.lproj/LaunchScreen.storyboard; sourceTree = "<group>"; };
		62A27A992ABD70EE009EA305 /* Info.plist */ = {isa = PBXFileReference; lastKnownFileType = text.plist.xml; path = Info.plist; sourceTree = "<group>"; };
/* End PBXFileReference section */

/* Begin PBXFrameworksBuildPhase section */
		62A27A852ABD70ED009EA305 /* Frameworks */ = {
			isa = PBXFrameworksBuildPhase;
			buildActionMask = 2147483647;
			files = (
			);
			runOnlyForDeploymentPostprocessing = 0;
		};
/* End PBXFrameworksBuildPhase section */

/* Begin PBXGroup section */
		62A27A7F2ABD70ED009EA305 = {
			isa = PBXGroup;
			children = (
				62A27A8A2ABD70ED009EA305 /* HomeWork_3 */,
				62A27A892ABD70ED009EA305 /* Products */,
			);
			sourceTree = "<group>";
		};
		62A27A892ABD70ED009EA305 /* Products */ = {
			isa = PBXGroup;
			children = (
				62A27A882ABD70ED009EA305 /* HomeWork_3.app */,
			);
			name = Products;
			sourceTree = "<group>";
		};
		62A27A8A2ABD70ED009EA305 /* HomeWork_3 */ = {
			isa = PBXGroup;
			children = (
				62A27A8B2ABD70ED009EA305 /* AppDelegate.swift */,
				62A27A8D2ABD70ED009EA305 /* SceneDelegate.swift */,
				62A27A8F2ABD70ED009EA305 /* ViewController.swift */,
				62A27A942ABD70EE009EA305 /* Assets.xcassets */,
				62A27A962ABD70EE009EA305 /* LaunchScreen.storyboard */,
				62A27A992ABD70EE009EA305 /* Info.plist */,
				620717E52ABF88DF000CCC37 /* AccountViewController.swift */,
				620717E72AC0C417000CCC37 /* BasketViewController.swift */,
				620717E92AC0CF58000CCC37 /* BasketTableViewCell.swift */,
				620717EB2AC0D12B000CCC37 /* ProductCard.swift */,
				620717ED2AC0EAA6000CCC37 /* ShopViewController.swift */,
				62849A5D2AC0F37B009B5FCB /* OnePicrureTableViewCell.swift */,
				62849A5F2AC0F3A0009B5FCB /* TwoPictureTableViewCell.swift */,
			);
			path = HomeWork_3;
			sourceTree = "<group>";
		};
/* End PBXGroup section */

/* Begin PBXNativeTarget section */
		62A27A872ABD70ED009EA305 /* HomeWork_3 */ = {
			isa = PBXNativeTarget;
			buildConfigurationList = 62A27A9C2ABD70EE009EA305 /* Build configuration list for PBXNativeTarget "HomeWork_3" */;
			buildPhases = (
				62A27A842ABD70ED009EA305 /* Sources */,
				62A27A852ABD70ED009EA305 /* Frameworks */,
				62A27A862ABD70ED009EA305 /* Resources */,
			);
			buildRules = (
			);
			dependencies = (
			);
			name = HomeWork_3;
			productName = HomeWork_3;
			productReference = 62A27A882ABD70ED009EA305 /* HomeWork_3.app */;
			productType = "com.apple.product-type.application";
		};
/* End PBXNativeTarget section */

/* Begin PBXProject section */
		62A27A802ABD70ED009EA305 /* Project object */ = {
			isa = PBXProject;
			attributes = {
				BuildIndependentTargetsInParallel = 1;
				LastSwiftUpdateCheck = 1430;
				LastUpgradeCheck = 1430;
				TargetAttributes = {
					62A27A872ABD70ED009EA305 = {
						CreatedOnToolsVersion = 14.3.1;
					};
				};
			};
			buildConfigurationList = 62A27A832ABD70ED009EA305 /* Build configuration list for PBXProject "HomeWork_3" */;
			compatibilityVersion = "Xcode 14.0";
			developmentRegion = en;
			hasScannedForEncodings = 0;
			knownRegions = (
				en,
				Base,
			);
			mainGroup = 62A27A7F2ABD70ED009EA305;
			productRefGroup = 62A27A892ABD70ED009EA305 /* Products */;
			projectDirPath = "";
			projectRoot = "";
			targets = (
				62A27A872ABD70ED009EA305 /* HomeWork_3 */,
			);
		};
/* End PBXProject section */

/* Begin PBXResourcesBuildPhase section */
		62A27A862ABD70ED009EA305 /* Resources */ = {
			isa = PBXResourcesBuildPhase;
			buildActionMask = 2147483647;
			files = (
				62A27A982ABD70EE009EA305 /* LaunchScreen.storyboard in Resources */,
				62A27A952ABD70EE009EA305 /* Assets.xcassets in Resources */,
			);
			runOnlyForDeploymentPostprocessing = 0;
		};
/* End PBXResourcesBuildPhase section */

/* Begin PBXSourcesBuildPhase section */
		62A27A842ABD70ED009EA305 /* Sources */ = {
			isa = PBXSourcesBuildPhase;
			buildActionMask = 2147483647;
			files = (
				620717E82AC0C417000CCC37 /* BasketViewController.swift in Sources */,
				62A27A902ABD70ED009EA305 /* ViewController.swift in Sources */,
				62A27A8C2ABD70ED009EA305 /* AppDelegate.swift in Sources */,
				620717EA2AC0CF58000CCC37 /* BasketTableViewCell.swift in Sources */,
				62849A5E2AC0F37B009B5FCB /* OnePicrureTableViewCell.swift in Sources */,
				620717EE2AC0EAA6000CCC37 /* ShopViewController.swift in Sources */,
				620717E62ABF88DF000CCC37 /* AccountViewController.swift in Sources */,
				62A27A8E2ABD70ED009EA305 /* SceneDelegate.swift in Sources */,
				620717EC2AC0D12B000CCC37 /* ProductCard.swift in Sources */,
				62849A602AC0F3A0009B5FCB /* TwoPictureTableViewCell.swift in Sources */,
			);
			runOnlyForDeploymentPostprocessing = 0;
		};
/* End PBXSourcesBuildPhase section */

/* Begin PBXVariantGroup section */
		62A27A962ABD70EE009EA305 /* LaunchScreen.storyboard */ = {
			isa = PBXVariantGroup;
			children = (
				62A27A972ABD70EE009EA305 /* Base */,
			);
			name = LaunchScreen.storyboard;
			sourceTree = "<group>";
		};
/* End PBXVariantGroup section */

/* Begin XCBuildConfiguration section */
		62A27A9A2ABD70EE009EA305 /* Debug */ = {
			isa = XCBuildConfiguration;
			buildSettings = {
				ALWAYS_SEARCH_USER_PATHS = NO;
				CLANG_ANALYZER_NONNULL = YES;
				CLANG_ANALYZER_NUMBER_OBJECT_CONVERSION = YES_AGGRESSIVE;
				CLANG_CXX_LANGUAGE_STANDARD = "gnu++20";
				CLANG_ENABLE_MODULES = YES;
				CLANG_ENABLE_OBJC_ARC = YES;
				CLANG_ENABLE_OBJC_WEAK = YES;
				CLANG_WARN_BLOCK_CAPTURE_AUTORELEASING = YES;
				CLANG_WARN_BOOL_CONVERSION = YES;
				CLANG_WARN_COMMA = YES;
				CLANG_WARN_CONSTANT_CONVERSION = YES;
				CLANG_WARN_DEPRECATED_OBJC_IMPLEMENTATIONS = YES;
				CLANG_WARN_DIRECT_OBJC_ISA_USAGE = YES_ERROR;
				CLANG_WARN_DOCUMENTATION_COMMENTS = YES;
				CLANG_WARN_EMPTY_BODY = YES;
				CLANG_WARN_ENUM_CONVERSION = YES;
				CLANG_WARN_INFINITE_RECURSION = YES;
				CLANG_WARN_INT_CONVERSION = YES;
				CLANG_WARN_NON_LITERAL_NULL_CONVERSION = YES;
				CLANG_WARN_OBJC_IMPLICIT_RETAIN_SELF = YES;
				CLANG_WARN_OBJC_LITERAL_CONVERSION = YES;
				CLANG_WARN_OBJC_ROOT_CLASS = YES_ERROR;
				CLANG_WARN_QUOTED_INCLUDE_IN_FRAMEWORK_HEADER = YES;
				CLANG_WARN_RANGE_LOOP_ANALYSIS = YES;
				CLANG_WARN_STRICT_PROTOTYPES = YES;
				CLANG_WARN_SUSPICIOUS_MOVE = YES;
				CLANG_WARN_UNGUARDED_AVAILABILITY = YES_AGGRESSIVE;
				CLANG_WARN_UNREACHABLE_CODE = YES;
				CLANG_WARN__DUPLICATE_METHOD_MATCH = YES;
				COPY_PHASE_STRIP = NO;
				DEBUG_INFORMATION_FORMAT = dwarf;
				ENABLE_STRICT_OBJC_MSGSEND = YES;
				ENABLE_TESTABILITY = YES;
				GCC_C_LANGUAGE_STANDARD = gnu11;
				GCC_DYNAMIC_NO_PIC = NO;
				GCC_NO_COMMON_BLOCKS = YES;
				GCC_OPTIMIZATION_LEVEL = 0;
				GCC_PREPROCESSOR_DEFINITIONS = (
					"DEBUG=1",
					"$(inherited)",
				);
				GCC_WARN_64_TO_32_BIT_CONVERSION = YES;
				GCC_WARN_ABOUT_RETURN_TYPE = YES_ERROR;
				GCC_WARN_UNDECLARED_SELECTOR = YES;
				GCC_WARN_UNINITIALIZED_AUTOS = YES_AGGRESSIVE;
				GCC_WARN_UNUSED_FUNCTION = YES;
				GCC_WARN_UNUSED_VARIABLE = YES;
				IPHONEOS_DEPLOYMENT_TARGET = 16.4;
				MTL_ENABLE_DEBUG_INFO = INCLUDE_SOURCE;
				MTL_FAST_MATH = YES;
				ONLY_ACTIVE_ARCH = YES;
				SDKROOT = iphoneos;
				SWIFT_ACTIVE_COMPILATION_CONDITIONS = DEBUG;
				SWIFT_OPTIMIZATION_LEVEL = "-Onone";
			};
			name = Debug;
		};
		62A27A9B2ABD70EE009EA305 /* Release */ = {
			isa = XCBuildConfiguration;
			buildSettings = {
				ALWAYS_SEARCH_USER_PATHS = NO;
				CLANG_ANALYZER_NONNULL = YES;
				CLANG_ANALYZER_NUMBER_OBJECT_CONVERSION = YES_AGGRESSIVE;
				CLANG_CXX_LANGUAGE_STANDARD = "gnu++20";
				CLANG_ENABLE_MODULES = YES;
				CLANG_ENABLE_OBJC_ARC = YES;
				CLANG_ENABLE_OBJC_WEAK = YES;
				CLANG_WARN_BLOCK_CAPTURE_AUTORELEASING = YES;
				CLANG_WARN_BOOL_CONVERSION = YES;
				CLANG_WARN_COMMA = YES;
				CLANG_WARN_CONSTANT_CONVERSION = YES;
				CLANG_WARN_DEPRECATED_OBJC_IMPLEMENTATIONS = YES;
				CLANG_WARN_DIRECT_OBJC_ISA_USAGE = YES_ERROR;
				CLANG_WARN_DOCUMENTATION_COMMENTS = YES;
				CLANG_WARN_EMPTY_BODY = YES;
				CLANG_WARN_ENUM_CONVERSION = YES;
				CLANG_WARN_INFINITE_RECURSION = YES;
				CLANG_WARN_INT_CONVERSION = YES;
				CLANG_WARN_NON_LITERAL_NULL_CONVERSION = YES;
				CLANG_WARN_OBJC_IMPLICIT_RETAIN_SELF = YES;
				CLANG_WARN_OBJC_LITERAL_CONVERSION = YES;
				CLANG_WARN_OBJC_ROOT_CLASS = YES_ERROR;
				CLANG_WARN_QUOTED_INCLUDE_IN_FRAMEWORK_HEADER = YES;
				CLANG_WARN_RANGE_LOOP_ANALYSIS = YES;
				CLANG_WARN_STRICT_PROTOTYPES = YES;
				CLANG_WARN_SUSPICIOUS_MOVE = YES;
				CLANG_WARN_UNGUARDED_AVAILABILITY = YES_AGGRESSIVE;
				CLANG_WARN_UNREACHABLE_CODE = YES;
				CLANG_WARN__DUPLICATE_METHOD_MATCH = YES;
				COPY_PHASE_STRIP = NO;
				DEBUG_INFORMATION_FORMAT = "dwarf-with-dsym";
				ENABLE_NS_ASSERTIONS = NO;
				ENABLE_STRICT_OBJC_MSGSEND = YES;
				GCC_C_LANGUAGE_STANDARD = gnu11;
				GCC_NO_COMMON_BLOCKS = YES;
				GCC_WARN_64_TO_32_BIT_CONVERSION = YES;
				GCC_WARN_ABOUT_RETURN_TYPE = YES_ERROR;
				GCC_WARN_UNDECLARED_SELECTOR = YES;
				GCC_WARN_UNINITIALIZED_AUTOS = YES_AGGRESSIVE;
				GCC_WARN_UNUSED_FUNCTION = YES;
				GCC_WARN_UNUSED_VARIABLE = YES;
				IPHONEOS_DEPLOYMENT_TARGET = 16.4;
				MTL_ENABLE_DEBUG_INFO = NO;
				MTL_FAST_MATH = YES;
				SDKROOT = iphoneos;
				SWIFT_COMPILATION_MODE = wholemodule;
				SWIFT_OPTIMIZATION_LEVEL = "-O";
				VALIDATE_PRODUCT = YES;
			};
			name = Release;
		};
		62A27A9D2ABD70EE009EA305 /* Debug */ = {
			isa = XCBuildConfiguration;
			buildSettings = {
				ASSETCATALOG_COMPILER_APPICON_NAME = AppIcon;
				ASSETCATALOG_COMPILER_GLOBAL_ACCENT_COLOR_NAME = AccentColor;
				CODE_SIGN_STYLE = Automatic;
				CURRENT_PROJECT_VERSION = 1;
				GENERATE_INFOPLIST_FILE = YES;
				INFOPLIST_FILE = HomeWork_3/Info.plist;
				INFOPLIST_KEY_UIApplicationSupportsIndirectInputEvents = YES;
				INFOPLIST_KEY_UILaunchStoryboardName = LaunchScreen;
				INFOPLIST_KEY_UISupportedInterfaceOrientations_iPad = "UIInterfaceOrientationPortrait UIInterfaceOrientationPortraitUpsideDown UIInterfaceOrientationLandscapeLeft UIInterfaceOrientationLandscapeRight";
				INFOPLIST_KEY_UISupportedInterfaceOrientations_iPhone = "UIInterfaceOrientationPortrait UIInterfaceOrientationLandscapeLeft UIInterfaceOrientationLandscapeRight";
				LD_RUNPATH_SEARCH_PATHS = (
					"$(inherited)",
					"@executable_path/Frameworks",
				);
				MARKETING_VERSION = 1.0;
				PRODUCT_BUNDLE_IDENTIFIER = "testApp.HomeWork-3";
				PRODUCT_NAME = "$(TARGET_NAME)";
				SWIFT_EMIT_LOC_STRINGS = YES;
				SWIFT_VERSION = 5.0;
				TARGETED_DEVICE_FAMILY = "1,2";
			};
			name = Debug;
		};
		62A27A9E2ABD70EE009EA305 /* Release */ = {
			isa = XCBuildConfiguration;
			buildSettings = {
				ASSETCATALOG_COMPILER_APPICON_NAME = AppIcon;
				ASSETCATALOG_COMPILER_GLOBAL_ACCENT_COLOR_NAME = AccentColor;
				CODE_SIGN_STYLE = Automatic;
				CURRENT_PROJECT_VERSION = 1;
				GENERATE_INFOPLIST_FILE = YES;
				INFOPLIST_FILE = HomeWork_3/Info.plist;
				INFOPLIST_KEY_UIApplicationSupportsIndirectInputEvents = YES;
				INFOPLIST_KEY_UILaunchStoryboardName = LaunchScreen;
				INFOPLIST_KEY_UISupportedInterfaceOrientations_iPad = "UIInterfaceOrientationPortrait UIInterfaceOrientationPortraitUpsideDown UIInterfaceOrientationLandscapeLeft UIInterfaceOrientationLandscapeRight";
				INFOPLIST_KEY_UISupportedInterfaceOrientations_iPhone = "UIInterfaceOrientationPortrait UIInterfaceOrientationLandscapeLeft UIInterfaceOrientationLandscapeRight";
				LD_RUNPATH_SEARCH_PATHS = (
					"$(inherited)",
					"@executable_path/Frameworks",
				);
				MARKETING_VERSION = 1.0;
				PRODUCT_BUNDLE_IDENTIFIER = "testApp.HomeWork-3";
				PRODUCT_NAME = "$(TARGET_NAME)";
				SWIFT_EMIT_LOC_STRINGS = YES;
				SWIFT_VERSION = 5.0;
				TARGETED_DEVICE_FAMILY = "1,2";
			};
			name = Release;
		};
/* End XCBuildConfiguration section */

/* Begin XCConfigurationList section */
		62A27A832ABD70ED009EA305 /* Build configuration list for PBXProject "HomeWork_3" */ = {
			isa = XCConfigurationList;
			buildConfigurations = (
				62A27A9A2ABD70EE009EA305 /* Debug */,
				62A27A9B2ABD70EE009EA305 /* Release */,
			);
			defaultConfigurationIsVisible = 0;
			defaultConfigurationName = Release;
		};
		62A27A9C2ABD70EE009EA305 /* Build configuration list for PBXNativeTarget "HomeWork_3" */ = {
			isa = XCConfigurationList;
			buildConfigurations = (
				62A27A9D2ABD70EE009EA305 /* Debug */,
				62A27A9E2ABD70EE009EA305 /* Release */,
			);
			defaultConfigurationIsVisible = 0;
			defaultConfigurationName = Release;
		};
/* End XCConfigurationList section */
	};
	rootObject = 62A27A802ABD70ED009EA305 /* Project object */;
}
