// !$*UTF8*$!
{
	archiveVersion = 1;
	classes = {
	};
	objectVersion = 56;
	objects = {

/* Begin PBXBuildFile section */
		046DFC6D2AD5FF46003F2549 /* OperationType.swift in Sources */ = {isa = PBXBuildFile; fileRef = 046DFC6C2AD5FF46003F2549 /* OperationType.swift */; };
		049A0AD32AD2F57A00A82262 /* AppDelegate.swift in Sources */ = {isa = PBXBuildFile; fileRef = 049A0AD22AD2F57A00A82262 /* AppDelegate.swift */; };
		049A0AD52AD2F57A00A82262 /* SceneDelegate.swift in Sources */ = {isa = PBXBuildFile; fileRef = 049A0AD42AD2F57A00A82262 /* SceneDelegate.swift */; };
		049A0ADC2AD2F57C00A82262 /* Assets.xcassets in Resources */ = {isa = PBXBuildFile; fileRef = 049A0ADB2AD2F57C00A82262 /* Assets.xcassets */; };
		049A0ADF2AD2F57C00A82262 /* LaunchScreen.storyboard in Resources */ = {isa = PBXBuildFile; fileRef = 049A0ADD2AD2F57C00A82262 /* LaunchScreen.storyboard */; };
		049A0AE72AD2F69A00A82262 /* CalculateViewController.swift in Sources */ = {isa = PBXBuildFile; fileRef = 049A0AE62AD2F69A00A82262 /* CalculateViewController.swift */; };
		04D1B95E2AD2F90B0089F76A /* CalculateView.swift in Sources */ = {isa = PBXBuildFile; fileRef = 04D1B95D2AD2F90B0089F76A /* CalculateView.swift */; };
		04D1B9602AD2FB670089F76A /* ButtonExtention.swift in Sources */ = {isa = PBXBuildFile; fileRef = 04D1B95F2AD2FB670089F76A /* ButtonExtention.swift */; };
		04D1B9622AD397EB0089F76A /* CalculateModel.swift in Sources */ = {isa = PBXBuildFile; fileRef = 04D1B9612AD397EB0089F76A /* CalculateModel.swift */; };
		04D1B9642AD57BF70089F76A /* CalculateProtocol.swift in Sources */ = {isa = PBXBuildFile; fileRef = 04D1B9632AD57BF70089F76A /* CalculateProtocol.swift */; };
/* End PBXBuildFile section */

/* Begin PBXFileReference section */
		046DFC6C2AD5FF46003F2549 /* OperationType.swift */ = {isa = PBXFileReference; lastKnownFileType = sourcecode.swift; path = OperationType.swift; sourceTree = "<group>"; };
		049A0ACF2AD2F57A00A82262 /* CalculateApp.app */ = {isa = PBXFileReference; explicitFileType = wrapper.application; includeInIndex = 0; path = CalculateApp.app; sourceTree = BUILT_PRODUCTS_DIR; };
		049A0AD22AD2F57A00A82262 /* AppDelegate.swift */ = {isa = PBXFileReference; lastKnownFileType = sourcecode.swift; path = AppDelegate.swift; sourceTree = "<group>"; };
		049A0AD42AD2F57A00A82262 /* SceneDelegate.swift */ = {isa = PBXFileReference; lastKnownFileType = sourcecode.swift; path = SceneDelegate.swift; sourceTree = "<group>"; };
		049A0ADB2AD2F57C00A82262 /* Assets.xcassets */ = {isa = PBXFileReference; lastKnownFileType = folder.assetcatalog; path = Assets.xcassets; sourceTree = "<group>"; };
		049A0ADE2AD2F57C00A82262 /* Base */ = {isa = PBXFileReference; lastKnownFileType = file.storyboard; name = Base; path = Base.lproj/LaunchScreen.storyboard; sourceTree = "<group>"; };
		049A0AE02AD2F57C00A82262 /* Info.plist */ = {isa = PBXFileReference; lastKnownFileType = text.plist.xml; path = Info.plist; sourceTree = "<group>"; };
		049A0AE62AD2F69A00A82262 /* CalculateViewController.swift */ = {isa = PBXFileReference; lastKnownFileType = sourcecode.swift; path = CalculateViewController.swift; sourceTree = "<group>"; };
		04D1B95D2AD2F90B0089F76A /* CalculateView.swift */ = {isa = PBXFileReference; lastKnownFileType = sourcecode.swift; path = CalculateView.swift; sourceTree = "<group>"; };
		04D1B95F2AD2FB670089F76A /* ButtonExtention.swift */ = {isa = PBXFileReference; lastKnownFileType = sourcecode.swift; path = ButtonExtention.swift; sourceTree = "<group>"; };
		04D1B9612AD397EB0089F76A /* CalculateModel.swift */ = {isa = PBXFileReference; lastKnownFileType = sourcecode.swift; path = CalculateModel.swift; sourceTree = "<group>"; };
		04D1B9632AD57BF70089F76A /* CalculateProtocol.swift */ = {isa = PBXFileReference; lastKnownFileType = sourcecode.swift; path = CalculateProtocol.swift; sourceTree = "<group>"; };
/* End PBXFileReference section */

/* Begin PBXFrameworksBuildPhase section */
		049A0ACC2AD2F57A00A82262 /* Frameworks */ = {
			isa = PBXFrameworksBuildPhase;
			buildActionMask = 2147483647;
			files = (
			);
			runOnlyForDeploymentPostprocessing = 0;
		};
/* End PBXFrameworksBuildPhase section */

/* Begin PBXGroup section */
		046DFC6E2AD60026003F2549 /* CalculateScreen */ = {
			isa = PBXGroup;
			children = (
				04D1B95D2AD2F90B0089F76A /* CalculateView.swift */,
				049A0AE62AD2F69A00A82262 /* CalculateViewController.swift */,
				04D1B9612AD397EB0089F76A /* CalculateModel.swift */,
			);
			path = CalculateScreen;
			sourceTree = "<group>";
		};
		046DFC6F2AD600CD003F2549 /* SupportThingth */ = {
			isa = PBXGroup;
			children = (
				04D1B9632AD57BF70089F76A /* CalculateProtocol.swift */,
				046DFC6C2AD5FF46003F2549 /* OperationType.swift */,
				04D1B95F2AD2FB670089F76A /* ButtonExtention.swift */,
			);
			path = SupportThingth;
			sourceTree = "<group>";
		};
		046DFC702AD6082B003F2549 /* CalculateApp */ = {
			isa = PBXGroup;
			children = (
				049A0AE02AD2F57C00A82262 /* Info.plist */,
				049A0ADD2AD2F57C00A82262 /* LaunchScreen.storyboard */,
				049A0ADB2AD2F57C00A82262 /* Assets.xcassets */,
				049A0AD42AD2F57A00A82262 /* SceneDelegate.swift */,
				049A0AD22AD2F57A00A82262 /* AppDelegate.swift */,
				046DFC6E2AD60026003F2549 /* CalculateScreen */,
				046DFC6F2AD600CD003F2549 /* SupportThingth */,
			);
			path = CalculateApp;
			sourceTree = "<group>";
		};
		049A0AC62AD2F57A00A82262 = {
			isa = PBXGroup;
			children = (
				046DFC702AD6082B003F2549 /* CalculateApp */,
				049A0AD02AD2F57A00A82262 /* Products */,
			);
			sourceTree = "<group>";
		};
		049A0AD02AD2F57A00A82262 /* Products */ = {
			isa = PBXGroup;
			children = (
				049A0ACF2AD2F57A00A82262 /* CalculateApp.app */,
			);
			name = Products;
			sourceTree = "<group>";
		};
/* End PBXGroup section */

/* Begin PBXNativeTarget section */
		049A0ACE2AD2F57A00A82262 /* CalculateApp */ = {
			isa = PBXNativeTarget;
			buildConfigurationList = 049A0AE32AD2F57C00A82262 /* Build configuration list for PBXNativeTarget "CalculateApp" */;
			buildPhases = (
				049A0ACB2AD2F57A00A82262 /* Sources */,
				049A0ACC2AD2F57A00A82262 /* Frameworks */,
				049A0ACD2AD2F57A00A82262 /* Resources */,
			);
			buildRules = (
			);
			dependencies = (
			);
			name = CalculateApp;
			productName = CalculateApp;
			productReference = 049A0ACF2AD2F57A00A82262 /* CalculateApp.app */;
			productType = "com.apple.product-type.application";
		};
/* End PBXNativeTarget section */

/* Begin PBXProject section */
		049A0AC72AD2F57A00A82262 /* Project object */ = {
			isa = PBXProject;
			attributes = {
				BuildIndependentTargetsInParallel = 1;
				LastSwiftUpdateCheck = 1500;
				LastUpgradeCheck = 1500;
				TargetAttributes = {
					049A0ACE2AD2F57A00A82262 = {
						CreatedOnToolsVersion = 15.0;
					};
				};
			};
			buildConfigurationList = 049A0ACA2AD2F57A00A82262 /* Build configuration list for PBXProject "CalculateApp" */;
			compatibilityVersion = "Xcode 14.0";
			developmentRegion = en;
			hasScannedForEncodings = 0;
			knownRegions = (
				en,
				Base,
			);
			mainGroup = 049A0AC62AD2F57A00A82262;
			productRefGroup = 049A0AD02AD2F57A00A82262 /* Products */;
			projectDirPath = "";
			projectRoot = "";
			targets = (
				049A0ACE2AD2F57A00A82262 /* CalculateApp */,
			);
		};
/* End PBXProject section */

/* Begin PBXResourcesBuildPhase section */
		049A0ACD2AD2F57A00A82262 /* Resources */ = {
			isa = PBXResourcesBuildPhase;
			buildActionMask = 2147483647;
			files = (
				049A0ADF2AD2F57C00A82262 /* LaunchScreen.storyboard in Resources */,
				049A0ADC2AD2F57C00A82262 /* Assets.xcassets in Resources */,
			);
			runOnlyForDeploymentPostprocessing = 0;
		};
/* End PBXResourcesBuildPhase section */

/* Begin PBXSourcesBuildPhase section */
		049A0ACB2AD2F57A00A82262 /* Sources */ = {
			isa = PBXSourcesBuildPhase;
			buildActionMask = 2147483647;
			files = (
				049A0AE72AD2F69A00A82262 /* CalculateViewController.swift in Sources */,
				046DFC6D2AD5FF46003F2549 /* OperationType.swift in Sources */,
				049A0AD32AD2F57A00A82262 /* AppDelegate.swift in Sources */,
				04D1B9602AD2FB670089F76A /* ButtonExtention.swift in Sources */,
				04D1B9622AD397EB0089F76A /* CalculateModel.swift in Sources */,
				049A0AD52AD2F57A00A82262 /* SceneDelegate.swift in Sources */,
				04D1B95E2AD2F90B0089F76A /* CalculateView.swift in Sources */,
				04D1B9642AD57BF70089F76A /* CalculateProtocol.swift in Sources */,
			);
			runOnlyForDeploymentPostprocessing = 0;
		};
/* End PBXSourcesBuildPhase section */

/* Begin PBXVariantGroup section */
		049A0ADD2AD2F57C00A82262 /* LaunchScreen.storyboard */ = {
			isa = PBXVariantGroup;
			children = (
				049A0ADE2AD2F57C00A82262 /* Base */,
			);
			name = LaunchScreen.storyboard;
			sourceTree = "<group>";
		};
/* End PBXVariantGroup section */

/* Begin XCBuildConfiguration section */
		049A0AE12AD2F57C00A82262 /* Debug */ = {
			isa = XCBuildConfiguration;
			buildSettings = {
				ALWAYS_SEARCH_USER_PATHS = NO;
				ASSETCATALOG_COMPILER_GENERATE_SWIFT_ASSET_SYMBOL_EXTENSIONS = YES;
				CLANG_ANALYZER_NONNULL = YES;
				CLANG_ANALYZER_NUMBER_OBJECT_CONVERSION = YES_AGGRESSIVE;
				CLANG_CXX_LANGUAGE_STANDARD = "gnu++20";
				CLANG_ENABLE_MODULES = YES;
				CLANG_ENABLE_OBJC_ARC = YES;
				CLANG_ENABLE_OBJC_WEAK = YES;
				CLANG_WARN_BLOCK_CAPTURE_AUTORELEASING = YES;
				CLANG_WARN_BOOL_CONVERSION = YES;
				CLANG_WARN_COMMA = YES;
				CLANG_WARN_CONSTANT_CONVERSION = YES;
				CLANG_WARN_DEPRECATED_OBJC_IMPLEMENTATIONS = YES;
				CLANG_WARN_DIRECT_OBJC_ISA_USAGE = YES_ERROR;
				CLANG_WARN_DOCUMENTATION_COMMENTS = YES;
				CLANG_WARN_EMPTY_BODY = YES;
				CLANG_WARN_ENUM_CONVERSION = YES;
				CLANG_WARN_INFINITE_RECURSION = YES;
				CLANG_WARN_INT_CONVERSION = YES;
				CLANG_WARN_NON_LITERAL_NULL_CONVERSION = YES;
				CLANG_WARN_OBJC_IMPLICIT_RETAIN_SELF = YES;
				CLANG_WARN_OBJC_LITERAL_CONVERSION = YES;
				CLANG_WARN_OBJC_ROOT_CLASS = YES_ERROR;
				CLANG_WARN_QUOTED_INCLUDE_IN_FRAMEWORK_HEADER = YES;
				CLANG_WARN_RANGE_LOOP_ANALYSIS = YES;
				CLANG_WARN_STRICT_PROTOTYPES = YES;
				CLANG_WARN_SUSPICIOUS_MOVE = YES;
				CLANG_WARN_UNGUARDED_AVAILABILITY = YES_AGGRESSIVE;
				CLANG_WARN_UNREACHABLE_CODE = YES;
				CLANG_WARN__DUPLICATE_METHOD_MATCH = YES;
				COPY_PHASE_STRIP = NO;
				DEBUG_INFORMATION_FORMAT = dwarf;
				ENABLE_STRICT_OBJC_MSGSEND = YES;
				ENABLE_TESTABILITY = YES;
				ENABLE_USER_SCRIPT_SANDBOXING = YES;
				GCC_C_LANGUAGE_STANDARD = gnu17;
				GCC_DYNAMIC_NO_PIC = NO;
				GCC_NO_COMMON_BLOCKS = YES;
				GCC_OPTIMIZATION_LEVEL = 0;
				GCC_PREPROCESSOR_DEFINITIONS = (
					"DEBUG=1",
					"$(inherited)",
				);
				GCC_WARN_64_TO_32_BIT_CONVERSION = YES;
				GCC_WARN_ABOUT_RETURN_TYPE = YES_ERROR;
				GCC_WARN_UNDECLARED_SELECTOR = YES;
				GCC_WARN_UNINITIALIZED_AUTOS = YES_AGGRESSIVE;
				GCC_WARN_UNUSED_FUNCTION = YES;
				GCC_WARN_UNUSED_VARIABLE = YES;
				IPHONEOS_DEPLOYMENT_TARGET = 17.0;
				LOCALIZATION_PREFERS_STRING_CATALOGS = YES;
				MTL_ENABLE_DEBUG_INFO = INCLUDE_SOURCE;
				MTL_FAST_MATH = YES;
				ONLY_ACTIVE_ARCH = YES;
				SDKROOT = iphoneos;
				SWIFT_ACTIVE_COMPILATION_CONDITIONS = "DEBUG $(inherited)";
				SWIFT_OPTIMIZATION_LEVEL = "-Onone";
			};
			name = Debug;
		};
		049A0AE22AD2F57C00A82262 /* Release */ = {
			isa = XCBuildConfiguration;
			buildSettings = {
				ALWAYS_SEARCH_USER_PATHS = NO;
				ASSETCATALOG_COMPILER_GENERATE_SWIFT_ASSET_SYMBOL_EXTENSIONS = YES;
				CLANG_ANALYZER_NONNULL = YES;
				CLANG_ANALYZER_NUMBER_OBJECT_CONVERSION = YES_AGGRESSIVE;
				CLANG_CXX_LANGUAGE_STANDARD = "gnu++20";
				CLANG_ENABLE_MODULES = YES;
				CLANG_ENABLE_OBJC_ARC = YES;
				CLANG_ENABLE_OBJC_WEAK = YES;
				CLANG_WARN_BLOCK_CAPTURE_AUTORELEASING = YES;
				CLANG_WARN_BOOL_CONVERSION = YES;
				CLANG_WARN_COMMA = YES;
				CLANG_WARN_CONSTANT_CONVERSION = YES;
				CLANG_WARN_DEPRECATED_OBJC_IMPLEMENTATIONS = YES;
				CLANG_WARN_DIRECT_OBJC_ISA_USAGE = YES_ERROR;
				CLANG_WARN_DOCUMENTATION_COMMENTS = YES;
				CLANG_WARN_EMPTY_BODY = YES;
				CLANG_WARN_ENUM_CONVERSION = YES;
				CLANG_WARN_INFINITE_RECURSION = YES;
				CLANG_WARN_INT_CONVERSION = YES;
				CLANG_WARN_NON_LITERAL_NULL_CONVERSION = YES;
				CLANG_WARN_OBJC_IMPLICIT_RETAIN_SELF = YES;
				CLANG_WARN_OBJC_LITERAL_CONVERSION = YES;
				CLANG_WARN_OBJC_ROOT_CLASS = YES_ERROR;
				CLANG_WARN_QUOTED_INCLUDE_IN_FRAMEWORK_HEADER = YES;
				CLANG_WARN_RANGE_LOOP_ANALYSIS = YES;
				CLANG_WARN_STRICT_PROTOTYPES = YES;
				CLANG_WARN_SUSPICIOUS_MOVE = YES;
				CLANG_WARN_UNGUARDED_AVAILABILITY = YES_AGGRESSIVE;
				CLANG_WARN_UNREACHABLE_CODE = YES;
				CLANG_WARN__DUPLICATE_METHOD_MATCH = YES;
				COPY_PHASE_STRIP = NO;
				DEBUG_INFORMATION_FORMAT = "dwarf-with-dsym";
				ENABLE_NS_ASSERTIONS = NO;
				ENABLE_STRICT_OBJC_MSGSEND = YES;
				ENABLE_USER_SCRIPT_SANDBOXING = YES;
				GCC_C_LANGUAGE_STANDARD = gnu17;
				GCC_NO_COMMON_BLOCKS = YES;
				GCC_WARN_64_TO_32_BIT_CONVERSION = YES;
				GCC_WARN_ABOUT_RETURN_TYPE = YES_ERROR;
				GCC_WARN_UNDECLARED_SELECTOR = YES;
				GCC_WARN_UNINITIALIZED_AUTOS = YES_AGGRESSIVE;
				GCC_WARN_UNUSED_FUNCTION = YES;
				GCC_WARN_UNUSED_VARIABLE = YES;
				IPHONEOS_DEPLOYMENT_TARGET = 17.0;
				LOCALIZATION_PREFERS_STRING_CATALOGS = YES;
				MTL_ENABLE_DEBUG_INFO = NO;
				MTL_FAST_MATH = YES;
				SDKROOT = iphoneos;
				SWIFT_COMPILATION_MODE = wholemodule;
				VALIDATE_PRODUCT = YES;
			};
			name = Release;
		};
		049A0AE42AD2F57C00A82262 /* Debug */ = {
			isa = XCBuildConfiguration;
			buildSettings = {
				ASSETCATALOG_COMPILER_APPICON_NAME = AppIcon;
				ASSETCATALOG_COMPILER_GLOBAL_ACCENT_COLOR_NAME = AccentColor;
				CODE_SIGN_STYLE = Automatic;
				CURRENT_PROJECT_VERSION = 1;
				DEVELOPMENT_TEAM = 8CAVAB6WW5;
				GENERATE_INFOPLIST_FILE = YES;
				INFOPLIST_FILE = CalculateApp/Info.plist;
				INFOPLIST_KEY_UIApplicationSupportsIndirectInputEvents = YES;
				INFOPLIST_KEY_UILaunchStoryboardName = LaunchScreen;
				INFOPLIST_KEY_UISupportedInterfaceOrientations_iPad = "UIInterfaceOrientationPortrait UIInterfaceOrientationPortraitUpsideDown UIInterfaceOrientationLandscapeLeft UIInterfaceOrientationLandscapeRight";
				INFOPLIST_KEY_UISupportedInterfaceOrientations_iPhone = "UIInterfaceOrientationPortrait UIInterfaceOrientationLandscapeLeft UIInterfaceOrientationLandscapeRight";
				LD_RUNPATH_SEARCH_PATHS = (
					"$(inherited)",
					"@executable_path/Frameworks",
				);
				MARKETING_VERSION = 1.0;
				PRODUCT_BUNDLE_IDENTIFIER = evaklq.CalculateApp;
				PRODUCT_NAME = "$(TARGET_NAME)";
				SWIFT_EMIT_LOC_STRINGS = YES;
				SWIFT_VERSION = 5.0;
				TARGETED_DEVICE_FAMILY = "1,2";
			};
			name = Debug;
		};
		049A0AE52AD2F57C00A82262 /* Release */ = {
			isa = XCBuildConfiguration;
			buildSettings = {
				ASSETCATALOG_COMPILER_APPICON_NAME = AppIcon;
				ASSETCATALOG_COMPILER_GLOBAL_ACCENT_COLOR_NAME = AccentColor;
				CODE_SIGN_STYLE = Automatic;
				CURRENT_PROJECT_VERSION = 1;
				DEVELOPMENT_TEAM = 8CAVAB6WW5;
				GENERATE_INFOPLIST_FILE = YES;
				INFOPLIST_FILE = CalculateApp/Info.plist;
				INFOPLIST_KEY_UIApplicationSupportsIndirectInputEvents = YES;
				INFOPLIST_KEY_UILaunchStoryboardName = LaunchScreen;
				INFOPLIST_KEY_UISupportedInterfaceOrientations_iPad = "UIInterfaceOrientationPortrait UIInterfaceOrientationPortraitUpsideDown UIInterfaceOrientationLandscapeLeft UIInterfaceOrientationLandscapeRight";
				INFOPLIST_KEY_UISupportedInterfaceOrientations_iPhone = "UIInterfaceOrientationPortrait UIInterfaceOrientationLandscapeLeft UIInterfaceOrientationLandscapeRight";
				LD_RUNPATH_SEARCH_PATHS = (
					"$(inherited)",
					"@executable_path/Frameworks",
				);
				MARKETING_VERSION = 1.0;
				PRODUCT_BUNDLE_IDENTIFIER = evaklq.CalculateApp;
				PRODUCT_NAME = "$(TARGET_NAME)";
				SWIFT_EMIT_LOC_STRINGS = YES;
				SWIFT_VERSION = 5.0;
				TARGETED_DEVICE_FAMILY = "1,2";
			};
			name = Release;
		};
/* End XCBuildConfiguration section */

/* Begin XCConfigurationList section */
		049A0ACA2AD2F57A00A82262 /* Build configuration list for PBXProject "CalculateApp" */ = {
			isa = XCConfigurationList;
			buildConfigurations = (
				049A0AE12AD2F57C00A82262 /* Debug */,
				049A0AE22AD2F57C00A82262 /* Release */,
			);
			defaultConfigurationIsVisible = 0;
			defaultConfigurationName = Release;
		};
		049A0AE32AD2F57C00A82262 /* Build configuration list for PBXNativeTarget "CalculateApp" */ = {
			isa = XCConfigurationList;
			buildConfigurations = (
				049A0AE42AD2F57C00A82262 /* Debug */,
				049A0AE52AD2F57C00A82262 /* Release */,
			);
			defaultConfigurationIsVisible = 0;
			defaultConfigurationName = Release;
		};
/* End XCConfigurationList section */
	};
	rootObject = 049A0AC72AD2F57A00A82262 /* Project object */;
}
