// !$*UTF8*$!
{
	archiveVersion = 1;
	classes = {
	};
	objectVersion = 56;
	objects = {

/* Begin PBXBuildFile section */
		6225B7CC2AEEFAF300CCEDAE /* AppDelegate.swift in Sources */ = {isa = PBXBuildFile; fileRef = 6225B7CB2AEEFAF300CCEDAE /* AppDelegate.swift */; };
		6225B7CE2AEEFAF300CCEDAE /* SceneDelegate.swift in Sources */ = {isa = PBXBuildFile; fileRef = 6225B7CD2AEEFAF300CCEDAE /* SceneDelegate.swift */; };
		6225B7D02AEEFAF300CCEDAE /* ProfileViewController.swift in Sources */ = {isa = PBXBuildFile; fileRef = 6225B7CF2AEEFAF300CCEDAE /* ProfileViewController.swift */; };
		6225B7D52AEEFAF600CCEDAE /* Assets.xcassets in Resources */ = {isa = PBXBuildFile; fileRef = 6225B7D42AEEFAF600CCEDAE /* Assets.xcassets */; };
		6225B7D82AEEFAF600CCEDAE /* LaunchScreen.storyboard in Resources */ = {isa = PBXBuildFile; fileRef = 6225B7D62AEEFAF600CCEDAE /* LaunchScreen.storyboard */; };
		6225B7E02AEF15B400CCEDAE /* PublicationDataManager.swift in Sources */ = {isa = PBXBuildFile; fileRef = 6225B7DF2AEF15B400CCEDAE /* PublicationDataManager.swift */; };
		6225B7E22AEF169600CCEDAE /* Publication.swift in Sources */ = {isa = PBXBuildFile; fileRef = 6225B7E12AEF169500CCEDAE /* Publication.swift */; };
		6225B7E42AEF1CAE00CCEDAE /* PublicationViewController.swift in Sources */ = {isa = PBXBuildFile; fileRef = 6225B7E32AEF1CAE00CCEDAE /* PublicationViewController.swift */; };
		6225B7E62AEF1E8300CCEDAE /* PublicationTableViewCell.swift in Sources */ = {isa = PBXBuildFile; fileRef = 6225B7E52AEF1E8300CCEDAE /* PublicationTableViewCell.swift */; };
		62684BD02AF54E3A00F3EDB8 /* RegistrationViewController.swift in Sources */ = {isa = PBXBuildFile; fileRef = 62684BCF2AF54E3A00F3EDB8 /* RegistrationViewController.swift */; };
		62684BD22AF5573600F3EDB8 /* RegistrationView.swift in Sources */ = {isa = PBXBuildFile; fileRef = 62684BD12AF5573600F3EDB8 /* RegistrationView.swift */; };
		626E37EF2AF61C290037D2B8 /* StoryCollectionViewCell.swift in Sources */ = {isa = PBXBuildFile; fileRef = 626E37EE2AF61C290037D2B8 /* StoryCollectionViewCell.swift */; };
		626E37F12AF61EAC0037D2B8 /* StoryViewController.swift in Sources */ = {isa = PBXBuildFile; fileRef = 626E37F02AF61EAC0037D2B8 /* StoryViewController.swift */; };
		626E37F52AF633B90037D2B8 /* StoryView.swift in Sources */ = {isa = PBXBuildFile; fileRef = 626E37F42AF633B90037D2B8 /* StoryView.swift */; };
		626E37F92AF8964A0037D2B8 /* User.swift in Sources */ = {isa = PBXBuildFile; fileRef = 626E37F82AF8964A0037D2B8 /* User.swift */; };
		626E37FC2AFA22290037D2B8 /* UsersProtocol.swift in Sources */ = {isa = PBXBuildFile; fileRef = 626E37FB2AFA22290037D2B8 /* UsersProtocol.swift */; };
		626E37FE2AFA31D70037D2B8 /* PublicationProtocol.swift in Sources */ = {isa = PBXBuildFile; fileRef = 626E37FD2AFA31D70037D2B8 /* PublicationProtocol.swift */; };
		626E38002AFA5ADD0037D2B8 /* RegistrationDataManager.swift in Sources */ = {isa = PBXBuildFile; fileRef = 626E37FF2AFA5ADD0037D2B8 /* RegistrationDataManager.swift */; };
		62AE72B62AF263A200639FDF /* ProfileView.swift in Sources */ = {isa = PBXBuildFile; fileRef = 62AE72B52AF263A200639FDF /* ProfileView.swift */; };
		62AE72BA2AF2756600639FDF /* PublicationsView.swift in Sources */ = {isa = PBXBuildFile; fileRef = 62AE72B92AF2756600639FDF /* PublicationsView.swift */; };
		62AE72DE2AF42BFF00639FDF /* GridCollectionViewCell.swift in Sources */ = {isa = PBXBuildFile; fileRef = 62AE72DD2AF42BFF00639FDF /* GridCollectionViewCell.swift */; };
		62E3595A2AFD4A30009451AB /* LentaPostsTableViewCell.swift in Sources */ = {isa = PBXBuildFile; fileRef = 62E359592AFD4A30009451AB /* LentaPostsTableViewCell.swift */; };
/* End PBXBuildFile section */

/* Begin PBXFileReference section */
		6225B7C82AEEFAF300CCEDAE /* WorkWithUICollectionView.app */ = {isa = PBXFileReference; explicitFileType = wrapper.application; includeInIndex = 0; path = WorkWithUICollectionView.app; sourceTree = BUILT_PRODUCTS_DIR; };
		6225B7CB2AEEFAF300CCEDAE /* AppDelegate.swift */ = {isa = PBXFileReference; lastKnownFileType = sourcecode.swift; path = AppDelegate.swift; sourceTree = "<group>"; };
		6225B7CD2AEEFAF300CCEDAE /* SceneDelegate.swift */ = {isa = PBXFileReference; lastKnownFileType = sourcecode.swift; path = SceneDelegate.swift; sourceTree = "<group>"; };
		6225B7CF2AEEFAF300CCEDAE /* ProfileViewController.swift */ = {isa = PBXFileReference; lastKnownFileType = sourcecode.swift; path = ProfileViewController.swift; sourceTree = "<group>"; };
		6225B7D42AEEFAF600CCEDAE /* Assets.xcassets */ = {isa = PBXFileReference; lastKnownFileType = folder.assetcatalog; path = Assets.xcassets; sourceTree = "<group>"; };
		6225B7D72AEEFAF600CCEDAE /* Base */ = {isa = PBXFileReference; lastKnownFileType = file.storyboard; name = Base; path = Base.lproj/LaunchScreen.storyboard; sourceTree = "<group>"; };
		6225B7D92AEEFAF600CCEDAE /* Info.plist */ = {isa = PBXFileReference; lastKnownFileType = text.plist.xml; path = Info.plist; sourceTree = "<group>"; };
		6225B7DF2AEF15B400CCEDAE /* PublicationDataManager.swift */ = {isa = PBXFileReference; lastKnownFileType = sourcecode.swift; path = PublicationDataManager.swift; sourceTree = "<group>"; };
		6225B7E12AEF169500CCEDAE /* Publication.swift */ = {isa = PBXFileReference; lastKnownFileType = sourcecode.swift; path = Publication.swift; sourceTree = "<group>"; };
		6225B7E32AEF1CAE00CCEDAE /* PublicationViewController.swift */ = {isa = PBXFileReference; lastKnownFileType = sourcecode.swift; path = PublicationViewController.swift; sourceTree = "<group>"; };
		6225B7E52AEF1E8300CCEDAE /* PublicationTableViewCell.swift */ = {isa = PBXFileReference; lastKnownFileType = sourcecode.swift; path = PublicationTableViewCell.swift; sourceTree = "<group>"; };
		62684BCF2AF54E3A00F3EDB8 /* RegistrationViewController.swift */ = {isa = PBXFileReference; lastKnownFileType = sourcecode.swift; path = RegistrationViewController.swift; sourceTree = "<group>"; };
		62684BD12AF5573600F3EDB8 /* RegistrationView.swift */ = {isa = PBXFileReference; lastKnownFileType = sourcecode.swift; path = RegistrationView.swift; sourceTree = "<group>"; };
		626E37EE2AF61C290037D2B8 /* StoryCollectionViewCell.swift */ = {isa = PBXFileReference; lastKnownFileType = sourcecode.swift; path = StoryCollectionViewCell.swift; sourceTree = "<group>"; };
		626E37F02AF61EAC0037D2B8 /* StoryViewController.swift */ = {isa = PBXFileReference; lastKnownFileType = sourcecode.swift; path = StoryViewController.swift; sourceTree = "<group>"; };
		626E37F42AF633B90037D2B8 /* StoryView.swift */ = {isa = PBXFileReference; lastKnownFileType = sourcecode.swift; path = StoryView.swift; sourceTree = "<group>"; };
		626E37F82AF8964A0037D2B8 /* User.swift */ = {isa = PBXFileReference; lastKnownFileType = sourcecode.swift; path = User.swift; sourceTree = "<group>"; };
		626E37FB2AFA22290037D2B8 /* UsersProtocol.swift */ = {isa = PBXFileReference; lastKnownFileType = sourcecode.swift; path = UsersProtocol.swift; sourceTree = "<group>"; };
		626E37FD2AFA31D70037D2B8 /* PublicationProtocol.swift */ = {isa = PBXFileReference; lastKnownFileType = sourcecode.swift; path = PublicationProtocol.swift; sourceTree = "<group>"; };
		626E37FF2AFA5ADD0037D2B8 /* RegistrationDataManager.swift */ = {isa = PBXFileReference; lastKnownFileType = sourcecode.swift; path = RegistrationDataManager.swift; sourceTree = "<group>"; };
		62AE72B52AF263A200639FDF /* ProfileView.swift */ = {isa = PBXFileReference; lastKnownFileType = sourcecode.swift; path = ProfileView.swift; sourceTree = "<group>"; };
		62AE72B92AF2756600639FDF /* PublicationsView.swift */ = {isa = PBXFileReference; lastKnownFileType = sourcecode.swift; path = PublicationsView.swift; sourceTree = "<group>"; };
		62AE72DD2AF42BFF00639FDF /* GridCollectionViewCell.swift */ = {isa = PBXFileReference; lastKnownFileType = sourcecode.swift; path = GridCollectionViewCell.swift; sourceTree = "<group>"; };
		62E359592AFD4A30009451AB /* LentaPostsTableViewCell.swift */ = {isa = PBXFileReference; lastKnownFileType = sourcecode.swift; path = LentaPostsTableViewCell.swift; sourceTree = "<group>"; };
/* End PBXFileReference section */

/* Begin PBXFrameworksBuildPhase section */
		6225B7C52AEEFAF300CCEDAE /* Frameworks */ = {
			isa = PBXFrameworksBuildPhase;
			buildActionMask = 2147483647;
			files = (
			);
			runOnlyForDeploymentPostprocessing = 0;
		};
/* End PBXFrameworksBuildPhase section */

/* Begin PBXGroup section */
		6225B7BF2AEEFAF300CCEDAE = {
			isa = PBXGroup;
			children = (
				6225B7CA2AEEFAF300CCEDAE /* WorkWithUICollectionView */,
				6225B7C92AEEFAF300CCEDAE /* Products */,
			);
			sourceTree = "<group>";
		};
		6225B7C92AEEFAF300CCEDAE /* Products */ = {
			isa = PBXGroup;
			children = (
				6225B7C82AEEFAF300CCEDAE /* WorkWithUICollectionView.app */,
			);
			name = Products;
			sourceTree = "<group>";
		};
		6225B7CA2AEEFAF300CCEDAE /* WorkWithUICollectionView */ = {
			isa = PBXGroup;
			children = (
				6225B7CB2AEEFAF300CCEDAE /* AppDelegate.swift */,
				6225B7CD2AEEFAF300CCEDAE /* SceneDelegate.swift */,
				62AE72B72AF2753200639FDF /* Controllers */,
				6225B7D42AEEFAF600CCEDAE /* Assets.xcassets */,
				6225B7D62AEEFAF600CCEDAE /* LaunchScreen.storyboard */,
				6225B7D92AEEFAF600CCEDAE /* Info.plist */,
				6225B7DF2AEF15B400CCEDAE /* PublicationDataManager.swift */,
				626E37FF2AFA5ADD0037D2B8 /* RegistrationDataManager.swift */,
				626E37FB2AFA22290037D2B8 /* UsersProtocol.swift */,
				626E37FD2AFA31D70037D2B8 /* PublicationProtocol.swift */,
				626E37FA2AFA21E50037D2B8 /* Objects */,
				62AE72B82AF2754900639FDF /* Views */,
				62AE72DF2AF42C4600639FDF /* Cells */,
			);
			path = WorkWithUICollectionView;
			sourceTree = "<group>";
		};
		626E37FA2AFA21E50037D2B8 /* Objects */ = {
			isa = PBXGroup;
			children = (
				6225B7E12AEF169500CCEDAE /* Publication.swift */,
				626E37F82AF8964A0037D2B8 /* User.swift */,
			);
			path = Objects;
			sourceTree = "<group>";
		};
		62AE72B72AF2753200639FDF /* Controllers */ = {
			isa = PBXGroup;
			children = (
				62684BCF2AF54E3A00F3EDB8 /* RegistrationViewController.swift */,
				626E37F02AF61EAC0037D2B8 /* StoryViewController.swift */,
				6225B7CF2AEEFAF300CCEDAE /* ProfileViewController.swift */,
				6225B7E32AEF1CAE00CCEDAE /* PublicationViewController.swift */,
			);
			path = Controllers;
			sourceTree = "<group>";
		};
		62AE72B82AF2754900639FDF /* Views */ = {
			isa = PBXGroup;
			children = (
				62AE72B52AF263A200639FDF /* ProfileView.swift */,
				62AE72B92AF2756600639FDF /* PublicationsView.swift */,
				62684BD12AF5573600F3EDB8 /* RegistrationView.swift */,
				626E37F42AF633B90037D2B8 /* StoryView.swift */,
			);
			path = Views;
			sourceTree = "<group>";
		};
		62AE72DF2AF42C4600639FDF /* Cells */ = {
			isa = PBXGroup;
			children = (
				62AE72DD2AF42BFF00639FDF /* GridCollectionViewCell.swift */,
				6225B7E52AEF1E8300CCEDAE /* PublicationTableViewCell.swift */,
				62E359592AFD4A30009451AB /* LentaPostsTableViewCell.swift */,
				626E37EE2AF61C290037D2B8 /* StoryCollectionViewCell.swift */,
			);
			path = Cells;
			sourceTree = "<group>";
		};
/* End PBXGroup section */

/* Begin PBXNativeTarget section */
		6225B7C72AEEFAF300CCEDAE /* WorkWithUICollectionView */ = {
			isa = PBXNativeTarget;
			buildConfigurationList = 6225B7DC2AEEFAF600CCEDAE /* Build configuration list for PBXNativeTarget "WorkWithUICollectionView" */;
			buildPhases = (
				6225B7C42AEEFAF300CCEDAE /* Sources */,
				6225B7C52AEEFAF300CCEDAE /* Frameworks */,
				6225B7C62AEEFAF300CCEDAE /* Resources */,
				62AE72E02AF430DD00639FDF /* ShellScript */,
			);
			buildRules = (
			);
			dependencies = (
			);
			name = WorkWithUICollectionView;
			productName = WorkWithUICollectionView;
			productReference = 6225B7C82AEEFAF300CCEDAE /* WorkWithUICollectionView.app */;
			productType = "com.apple.product-type.application";
		};
/* End PBXNativeTarget section */

/* Begin PBXProject section */
		6225B7C02AEEFAF300CCEDAE /* Project object */ = {
			isa = PBXProject;
			attributes = {
				BuildIndependentTargetsInParallel = 1;
				LastSwiftUpdateCheck = 1500;
				LastUpgradeCheck = 1500;
				TargetAttributes = {
					6225B7C72AEEFAF300CCEDAE = {
						CreatedOnToolsVersion = 15.0;
					};
				};
			};
			buildConfigurationList = 6225B7C32AEEFAF300CCEDAE /* Build configuration list for PBXProject "WorkWithUICollectionView" */;
			compatibilityVersion = "Xcode 14.0";
			developmentRegion = en;
			hasScannedForEncodings = 0;
			knownRegions = (
				en,
				Base,
			);
			mainGroup = 6225B7BF2AEEFAF300CCEDAE;
			productRefGroup = 6225B7C92AEEFAF300CCEDAE /* Products */;
			projectDirPath = "";
			projectRoot = "";
			targets = (
				6225B7C72AEEFAF300CCEDAE /* WorkWithUICollectionView */,
			);
		};
/* End PBXProject section */

/* Begin PBXResourcesBuildPhase section */
		6225B7C62AEEFAF300CCEDAE /* Resources */ = {
			isa = PBXResourcesBuildPhase;
			buildActionMask = 2147483647;
			files = (
				6225B7D82AEEFAF600CCEDAE /* LaunchScreen.storyboard in Resources */,
				6225B7D52AEEFAF600CCEDAE /* Assets.xcassets in Resources */,
			);
			runOnlyForDeploymentPostprocessing = 0;
		};
/* End PBXResourcesBuildPhase section */

/* Begin PBXShellScriptBuildPhase section */
		62AE72E02AF430DD00639FDF /* ShellScript */ = {
			isa = PBXShellScriptBuildPhase;
			alwaysOutOfDate = 1;
			buildActionMask = 2147483647;
			files = (
			);
			inputFileListPaths = (
			);
			inputPaths = (
			);
			outputFileListPaths = (
			);
			outputPaths = (
			);
			runOnlyForDeploymentPostprocessing = 0;
			shellPath = /bin/sh;
			shellScript = "export PATH=\"$PATH:/opt/homebrew/bin\"\nif which swiftlint >/dev/null; then\n  swiftlint\nelse\n  echo \"error: SwiftLint does not exist, download it from https://github.com/realm/SwiftLint\"\n  exit 1\nfi\n\n";
			showEnvVarsInLog = 0;
		};
/* End PBXShellScriptBuildPhase section */

/* Begin PBXSourcesBuildPhase section */
		6225B7C42AEEFAF300CCEDAE /* Sources */ = {
			isa = PBXSourcesBuildPhase;
			buildActionMask = 2147483647;
			files = (
				626E37F52AF633B90037D2B8 /* StoryView.swift in Sources */,
				62AE72BA2AF2756600639FDF /* PublicationsView.swift in Sources */,
				626E37FC2AFA22290037D2B8 /* UsersProtocol.swift in Sources */,
				62AE72B62AF263A200639FDF /* ProfileView.swift in Sources */,
				6225B7D02AEEFAF300CCEDAE /* ProfileViewController.swift in Sources */,
				62684BD22AF5573600F3EDB8 /* RegistrationView.swift in Sources */,
				6225B7CC2AEEFAF300CCEDAE /* AppDelegate.swift in Sources */,
				62AE72DE2AF42BFF00639FDF /* GridCollectionViewCell.swift in Sources */,
				626E37FE2AFA31D70037D2B8 /* PublicationProtocol.swift in Sources */,
				6225B7CE2AEEFAF300CCEDAE /* SceneDelegate.swift in Sources */,
				6225B7E62AEF1E8300CCEDAE /* PublicationTableViewCell.swift in Sources */,
				626E37EF2AF61C290037D2B8 /* StoryCollectionViewCell.swift in Sources */,
				62E3595A2AFD4A30009451AB /* LentaPostsTableViewCell.swift in Sources */,
				6225B7E02AEF15B400CCEDAE /* PublicationDataManager.swift in Sources */,
				6225B7E22AEF169600CCEDAE /* Publication.swift in Sources */,
				626E38002AFA5ADD0037D2B8 /* RegistrationDataManager.swift in Sources */,
				626E37F92AF8964A0037D2B8 /* User.swift in Sources */,
				6225B7E42AEF1CAE00CCEDAE /* PublicationViewController.swift in Sources */,
				626E37F12AF61EAC0037D2B8 /* StoryViewController.swift in Sources */,
				62684BD02AF54E3A00F3EDB8 /* RegistrationViewController.swift in Sources */,
			);
			runOnlyForDeploymentPostprocessing = 0;
		};
/* End PBXSourcesBuildPhase section */

/* Begin PBXVariantGroup section */
		6225B7D62AEEFAF600CCEDAE /* LaunchScreen.storyboard */ = {
			isa = PBXVariantGroup;
			children = (
				6225B7D72AEEFAF600CCEDAE /* Base */,
			);
			name = LaunchScreen.storyboard;
			sourceTree = "<group>";
		};
/* End PBXVariantGroup section */

/* Begin XCBuildConfiguration section */
		6225B7DA2AEEFAF600CCEDAE /* Debug */ = {
			isa = XCBuildConfiguration;
			buildSettings = {
				ALWAYS_SEARCH_USER_PATHS = NO;
				ASSETCATALOG_COMPILER_GENERATE_SWIFT_ASSET_SYMBOL_EXTENSIONS = YES;
				CLANG_ANALYZER_NONNULL = YES;
				CLANG_ANALYZER_NUMBER_OBJECT_CONVERSION = YES_AGGRESSIVE;
				CLANG_CXX_LANGUAGE_STANDARD = "gnu++20";
				CLANG_ENABLE_MODULES = YES;
				CLANG_ENABLE_OBJC_ARC = YES;
				CLANG_ENABLE_OBJC_WEAK = YES;
				CLANG_WARN_BLOCK_CAPTURE_AUTORELEASING = YES;
				CLANG_WARN_BOOL_CONVERSION = YES;
				CLANG_WARN_COMMA = YES;
				CLANG_WARN_CONSTANT_CONVERSION = YES;
				CLANG_WARN_DEPRECATED_OBJC_IMPLEMENTATIONS = YES;
				CLANG_WARN_DIRECT_OBJC_ISA_USAGE = YES_ERROR;
				CLANG_WARN_DOCUMENTATION_COMMENTS = YES;
				CLANG_WARN_EMPTY_BODY = YES;
				CLANG_WARN_ENUM_CONVERSION = YES;
				CLANG_WARN_INFINITE_RECURSION = YES;
				CLANG_WARN_INT_CONVERSION = YES;
				CLANG_WARN_NON_LITERAL_NULL_CONVERSION = YES;
				CLANG_WARN_OBJC_IMPLICIT_RETAIN_SELF = YES;
				CLANG_WARN_OBJC_LITERAL_CONVERSION = YES;
				CLANG_WARN_OBJC_ROOT_CLASS = YES_ERROR;
				CLANG_WARN_QUOTED_INCLUDE_IN_FRAMEWORK_HEADER = YES;
				CLANG_WARN_RANGE_LOOP_ANALYSIS = YES;
				CLANG_WARN_STRICT_PROTOTYPES = YES;
				CLANG_WARN_SUSPICIOUS_MOVE = YES;
				CLANG_WARN_UNGUARDED_AVAILABILITY = YES_AGGRESSIVE;
				CLANG_WARN_UNREACHABLE_CODE = YES;
				CLANG_WARN__DUPLICATE_METHOD_MATCH = YES;
				COPY_PHASE_STRIP = NO;
				DEBUG_INFORMATION_FORMAT = dwarf;
				ENABLE_STRICT_OBJC_MSGSEND = YES;
				ENABLE_TESTABILITY = YES;
				ENABLE_USER_SCRIPT_SANDBOXING = YES;
				GCC_C_LANGUAGE_STANDARD = gnu17;
				GCC_DYNAMIC_NO_PIC = NO;
				GCC_NO_COMMON_BLOCKS = YES;
				GCC_OPTIMIZATION_LEVEL = 0;
				GCC_PREPROCESSOR_DEFINITIONS = (
					"DEBUG=1",
					"$(inherited)",
				);
				GCC_WARN_64_TO_32_BIT_CONVERSION = YES;
				GCC_WARN_ABOUT_RETURN_TYPE = YES_ERROR;
				GCC_WARN_UNDECLARED_SELECTOR = YES;
				GCC_WARN_UNINITIALIZED_AUTOS = YES_AGGRESSIVE;
				GCC_WARN_UNUSED_FUNCTION = YES;
				GCC_WARN_UNUSED_VARIABLE = YES;
				IPHONEOS_DEPLOYMENT_TARGET = 17.0;
				LOCALIZATION_PREFERS_STRING_CATALOGS = YES;
				MTL_ENABLE_DEBUG_INFO = INCLUDE_SOURCE;
				MTL_FAST_MATH = YES;
				ONLY_ACTIVE_ARCH = YES;
				SDKROOT = iphoneos;
				SWIFT_ACTIVE_COMPILATION_CONDITIONS = "DEBUG $(inherited)";
				SWIFT_OPTIMIZATION_LEVEL = "-Onone";
			};
			name = Debug;
		};
		6225B7DB2AEEFAF600CCEDAE /* Release */ = {
			isa = XCBuildConfiguration;
			buildSettings = {
				ALWAYS_SEARCH_USER_PATHS = NO;
				ASSETCATALOG_COMPILER_GENERATE_SWIFT_ASSET_SYMBOL_EXTENSIONS = YES;
				CLANG_ANALYZER_NONNULL = YES;
				CLANG_ANALYZER_NUMBER_OBJECT_CONVERSION = YES_AGGRESSIVE;
				CLANG_CXX_LANGUAGE_STANDARD = "gnu++20";
				CLANG_ENABLE_MODULES = YES;
				CLANG_ENABLE_OBJC_ARC = YES;
				CLANG_ENABLE_OBJC_WEAK = YES;
				CLANG_WARN_BLOCK_CAPTURE_AUTORELEASING = YES;
				CLANG_WARN_BOOL_CONVERSION = YES;
				CLANG_WARN_COMMA = YES;
				CLANG_WARN_CONSTANT_CONVERSION = YES;
				CLANG_WARN_DEPRECATED_OBJC_IMPLEMENTATIONS = YES;
				CLANG_WARN_DIRECT_OBJC_ISA_USAGE = YES_ERROR;
				CLANG_WARN_DOCUMENTATION_COMMENTS = YES;
				CLANG_WARN_EMPTY_BODY = YES;
				CLANG_WARN_ENUM_CONVERSION = YES;
				CLANG_WARN_INFINITE_RECURSION = YES;
				CLANG_WARN_INT_CONVERSION = YES;
				CLANG_WARN_NON_LITERAL_NULL_CONVERSION = YES;
				CLANG_WARN_OBJC_IMPLICIT_RETAIN_SELF = YES;
				CLANG_WARN_OBJC_LITERAL_CONVERSION = YES;
				CLANG_WARN_OBJC_ROOT_CLASS = YES_ERROR;
				CLANG_WARN_QUOTED_INCLUDE_IN_FRAMEWORK_HEADER = YES;
				CLANG_WARN_RANGE_LOOP_ANALYSIS = YES;
				CLANG_WARN_STRICT_PROTOTYPES = YES;
				CLANG_WARN_SUSPICIOUS_MOVE = YES;
				CLANG_WARN_UNGUARDED_AVAILABILITY = YES_AGGRESSIVE;
				CLANG_WARN_UNREACHABLE_CODE = YES;
				CLANG_WARN__DUPLICATE_METHOD_MATCH = YES;
				COPY_PHASE_STRIP = NO;
				DEBUG_INFORMATION_FORMAT = "dwarf-with-dsym";
				ENABLE_NS_ASSERTIONS = NO;
				ENABLE_STRICT_OBJC_MSGSEND = YES;
				ENABLE_USER_SCRIPT_SANDBOXING = YES;
				GCC_C_LANGUAGE_STANDARD = gnu17;
				GCC_NO_COMMON_BLOCKS = YES;
				GCC_WARN_64_TO_32_BIT_CONVERSION = YES;
				GCC_WARN_ABOUT_RETURN_TYPE = YES_ERROR;
				GCC_WARN_UNDECLARED_SELECTOR = YES;
				GCC_WARN_UNINITIALIZED_AUTOS = YES_AGGRESSIVE;
				GCC_WARN_UNUSED_FUNCTION = YES;
				GCC_WARN_UNUSED_VARIABLE = YES;
				IPHONEOS_DEPLOYMENT_TARGET = 17.0;
				LOCALIZATION_PREFERS_STRING_CATALOGS = YES;
				MTL_ENABLE_DEBUG_INFO = NO;
				MTL_FAST_MATH = YES;
				SDKROOT = iphoneos;
				SWIFT_COMPILATION_MODE = wholemodule;
				VALIDATE_PRODUCT = YES;
			};
			name = Release;
		};
		6225B7DD2AEEFAF600CCEDAE /* Debug */ = {
			isa = XCBuildConfiguration;
			buildSettings = {
				ASSETCATALOG_COMPILER_APPICON_NAME = AppIcon;
				ASSETCATALOG_COMPILER_GLOBAL_ACCENT_COLOR_NAME = AccentColor;
				CODE_SIGN_STYLE = Automatic;
				CURRENT_PROJECT_VERSION = 1;
				ENABLE_USER_SCRIPT_SANDBOXING = NO;
				GENERATE_INFOPLIST_FILE = YES;
				INFOPLIST_FILE = WorkWithUICollectionView/Info.plist;
				INFOPLIST_KEY_UIApplicationSupportsIndirectInputEvents = YES;
				INFOPLIST_KEY_UILaunchStoryboardName = LaunchScreen;
				INFOPLIST_KEY_UISupportedInterfaceOrientations_iPad = "UIInterfaceOrientationPortrait UIInterfaceOrientationPortraitUpsideDown UIInterfaceOrientationLandscapeLeft UIInterfaceOrientationLandscapeRight";
				INFOPLIST_KEY_UISupportedInterfaceOrientations_iPhone = "UIInterfaceOrientationPortrait UIInterfaceOrientationLandscapeLeft UIInterfaceOrientationLandscapeRight";
				LD_RUNPATH_SEARCH_PATHS = (
					"$(inherited)",
					"@executable_path/Frameworks",
				);
				MARKETING_VERSION = 1.0;
				PRODUCT_BUNDLE_IDENTIFIER = testApp.WorkWithUICollectionView;
				PRODUCT_NAME = "$(TARGET_NAME)";
				SWIFT_EMIT_LOC_STRINGS = YES;
				SWIFT_VERSION = 5.0;
				TARGETED_DEVICE_FAMILY = "1,2";
			};
			name = Debug;
		};
		6225B7DE2AEEFAF600CCEDAE /* Release */ = {
			isa = XCBuildConfiguration;
			buildSettings = {
				ASSETCATALOG_COMPILER_APPICON_NAME = AppIcon;
				ASSETCATALOG_COMPILER_GLOBAL_ACCENT_COLOR_NAME = AccentColor;
				CODE_SIGN_STYLE = Automatic;
				CURRENT_PROJECT_VERSION = 1;
				ENABLE_USER_SCRIPT_SANDBOXING = NO;
				GENERATE_INFOPLIST_FILE = YES;
				INFOPLIST_FILE = WorkWithUICollectionView/Info.plist;
				INFOPLIST_KEY_UIApplicationSupportsIndirectInputEvents = YES;
				INFOPLIST_KEY_UILaunchStoryboardName = LaunchScreen;
				INFOPLIST_KEY_UISupportedInterfaceOrientations_iPad = "UIInterfaceOrientationPortrait UIInterfaceOrientationPortraitUpsideDown UIInterfaceOrientationLandscapeLeft UIInterfaceOrientationLandscapeRight";
				INFOPLIST_KEY_UISupportedInterfaceOrientations_iPhone = "UIInterfaceOrientationPortrait UIInterfaceOrientationLandscapeLeft UIInterfaceOrientationLandscapeRight";
				LD_RUNPATH_SEARCH_PATHS = (
					"$(inherited)",
					"@executable_path/Frameworks",
				);
				MARKETING_VERSION = 1.0;
				PRODUCT_BUNDLE_IDENTIFIER = testApp.WorkWithUICollectionView;
				PRODUCT_NAME = "$(TARGET_NAME)";
				SWIFT_EMIT_LOC_STRINGS = YES;
				SWIFT_VERSION = 5.0;
				TARGETED_DEVICE_FAMILY = "1,2";
			};
			name = Release;
		};
/* End XCBuildConfiguration section */

/* Begin XCConfigurationList section */
		6225B7C32AEEFAF300CCEDAE /* Build configuration list for PBXProject "WorkWithUICollectionView" */ = {
			isa = XCConfigurationList;
			buildConfigurations = (
				6225B7DA2AEEFAF600CCEDAE /* Debug */,
				6225B7DB2AEEFAF600CCEDAE /* Release */,
			);
			defaultConfigurationIsVisible = 0;
			defaultConfigurationName = Release;
		};
		6225B7DC2AEEFAF600CCEDAE /* Build configuration list for PBXNativeTarget "WorkWithUICollectionView" */ = {
			isa = XCConfigurationList;
			buildConfigurations = (
				6225B7DD2AEEFAF600CCEDAE /* Debug */,
				6225B7DE2AEEFAF600CCEDAE /* Release */,
			);
			defaultConfigurationIsVisible = 0;
			defaultConfigurationName = Release;
		};
/* End XCConfigurationList section */
	};
	rootObject = 6225B7C02AEEFAF300CCEDAE /* Project object */;
}
