// !$*UTF8*$!
{
	archiveVersion = 1;
	classes = {
	};
	objectVersion = 56;
	objects = {

/* Begin PBXBuildFile section */
		3A6F52562AC068240015A42D /* AppDelegate.swift in Sources */ = {isa = PBXBuildFile; fileRef = 3A6F52552AC068240015A42D /* AppDelegate.swift */; };
		3A6F52582AC068240015A42D /* SceneDelegate.swift in Sources */ = {isa = PBXBuildFile; fileRef = 3A6F52572AC068240015A42D /* SceneDelegate.swift */; };
		3A6F525A2AC068240015A42D /* AutificationViewController.swift in Sources */ = {isa = PBXBuildFile; fileRef = 3A6F52592AC068240015A42D /* AutificationViewController.swift */; };
		3A6F525D2AC068240015A42D /* Main.storyboard in Resources */ = {isa = PBXBuildFile; fileRef = 3A6F525B2AC068240015A42D /* Main.storyboard */; };
		3A6F525F2AC068250015A42D /* Assets.xcassets in Resources */ = {isa = PBXBuildFile; fileRef = 3A6F525E2AC068250015A42D /* Assets.xcassets */; };
		3A6F52622AC068250015A42D /* LaunchScreen.storyboard in Resources */ = {isa = PBXBuildFile; fileRef = 3A6F52602AC068250015A42D /* LaunchScreen.storyboard */; };
		3A6F526A2AC085150015A42D /* AuthorisationViewController.swift in Sources */ = {isa = PBXBuildFile; fileRef = 3A6F52692AC085150015A42D /* AuthorisationViewController.swift */; };
		3A6F526C2AC09DD90015A42D /* ShopViewController.swift in Sources */ = {isa = PBXBuildFile; fileRef = 3A6F526B2AC09DD90015A42D /* ShopViewController.swift */; };
		3A6F526E2AC0A1040015A42D /* Product.swift in Sources */ = {isa = PBXBuildFile; fileRef = 3A6F526D2AC0A1040015A42D /* Product.swift */; };
		3A6F52702AC0A96F0015A42D /* ProductTableViewCell.swift in Sources */ = {isa = PBXBuildFile; fileRef = 3A6F526F2AC0A96F0015A42D /* ProductTableViewCell.swift */; };
/* End PBXBuildFile section */

/* Begin PBXFileReference section */
		3A6F52522AC068240015A42D /* 103.app */ = {isa = PBXFileReference; explicitFileType = wrapper.application; includeInIndex = 0; path = 103.app; sourceTree = BUILT_PRODUCTS_DIR; };
		3A6F52552AC068240015A42D /* AppDelegate.swift */ = {isa = PBXFileReference; lastKnownFileType = sourcecode.swift; path = AppDelegate.swift; sourceTree = "<group>"; };
		3A6F52572AC068240015A42D /* SceneDelegate.swift */ = {isa = PBXFileReference; lastKnownFileType = sourcecode.swift; path = SceneDelegate.swift; sourceTree = "<group>"; };
		3A6F52592AC068240015A42D /* AutificationViewController.swift */ = {isa = PBXFileReference; lastKnownFileType = sourcecode.swift; path = AutificationViewController.swift; sourceTree = "<group>"; };
		3A6F525C2AC068240015A42D /* Base */ = {isa = PBXFileReference; lastKnownFileType = file.storyboard; name = Base; path = Base.lproj/Main.storyboard; sourceTree = "<group>"; };
		3A6F525E2AC068250015A42D /* Assets.xcassets */ = {isa = PBXFileReference; lastKnownFileType = folder.assetcatalog; path = Assets.xcassets; sourceTree = "<group>"; };
		3A6F52612AC068250015A42D /* Base */ = {isa = PBXFileReference; lastKnownFileType = file.storyboard; name = Base; path = Base.lproj/LaunchScreen.storyboard; sourceTree = "<group>"; };
		3A6F52632AC068250015A42D /* Info.plist */ = {isa = PBXFileReference; lastKnownFileType = text.plist.xml; path = Info.plist; sourceTree = "<group>"; };
		3A6F52692AC085150015A42D /* AuthorisationViewController.swift */ = {isa = PBXFileReference; lastKnownFileType = sourcecode.swift; path = AuthorisationViewController.swift; sourceTree = "<group>"; };
		3A6F526B2AC09DD90015A42D /* ShopViewController.swift */ = {isa = PBXFileReference; lastKnownFileType = sourcecode.swift; path = ShopViewController.swift; sourceTree = "<group>"; };
		3A6F526D2AC0A1040015A42D /* Product.swift */ = {isa = PBXFileReference; lastKnownFileType = sourcecode.swift; path = Product.swift; sourceTree = "<group>"; };
		3A6F526F2AC0A96F0015A42D /* ProductTableViewCell.swift */ = {isa = PBXFileReference; lastKnownFileType = sourcecode.swift; path = ProductTableViewCell.swift; sourceTree = "<group>"; };
/* End PBXFileReference section */

/* Begin PBXFrameworksBuildPhase section */
		3A6F524F2AC068240015A42D /* Frameworks */ = {
			isa = PBXFrameworksBuildPhase;
			buildActionMask = 2147483647;
			files = (
			);
			runOnlyForDeploymentPostprocessing = 0;
		};
/* End PBXFrameworksBuildPhase section */

/* Begin PBXGroup section */
		3A6F52492AC068240015A42D = {
			isa = PBXGroup;
			children = (
				3A6F52542AC068240015A42D /* 103 */,
				3A6F52532AC068240015A42D /* Products */,
			);
			sourceTree = "<group>";
		};
		3A6F52532AC068240015A42D /* Products */ = {
			isa = PBXGroup;
			children = (
				3A6F52522AC068240015A42D /* 103.app */,
			);
			name = Products;
			sourceTree = "<group>";
		};
		3A6F52542AC068240015A42D /* 103 */ = {
			isa = PBXGroup;
			children = (
				3A6F52552AC068240015A42D /* AppDelegate.swift */,
				3A6F52572AC068240015A42D /* SceneDelegate.swift */,
				3A6F52692AC085150015A42D /* AuthorisationViewController.swift */,
				3A6F52592AC068240015A42D /* AutificationViewController.swift */,
				3A6F526B2AC09DD90015A42D /* ShopViewController.swift */,
				3A6F525B2AC068240015A42D /* Main.storyboard */,
				3A6F525E2AC068250015A42D /* Assets.xcassets */,
				3A6F52602AC068250015A42D /* LaunchScreen.storyboard */,
				3A6F52632AC068250015A42D /* Info.plist */,
				3A6F526D2AC0A1040015A42D /* Product.swift */,
				3A6F526F2AC0A96F0015A42D /* ProductTableViewCell.swift */,
			);
			path = 103;
			sourceTree = "<group>";
		};
/* End PBXGroup section */

/* Begin PBXNativeTarget section */
		3A6F52512AC068240015A42D /* 103 */ = {
			isa = PBXNativeTarget;
			buildConfigurationList = 3A6F52662AC068250015A42D /* Build configuration list for PBXNativeTarget "103" */;
			buildPhases = (
				3A6F524E2AC068240015A42D /* Sources */,
				3A6F524F2AC068240015A42D /* Frameworks */,
				3A6F52502AC068240015A42D /* Resources */,
			);
			buildRules = (
			);
			dependencies = (
			);
			name = 103;
			productName = 103;
			productReference = 3A6F52522AC068240015A42D /* 103.app */;
			productType = "com.apple.product-type.application";
		};
/* End PBXNativeTarget section */

/* Begin PBXProject section */
		3A6F524A2AC068240015A42D /* Project object */ = {
			isa = PBXProject;
			attributes = {
				BuildIndependentTargetsInParallel = 1;
				LastSwiftUpdateCheck = 1500;
				LastUpgradeCheck = 1500;
				TargetAttributes = {
					3A6F52512AC068240015A42D = {
						CreatedOnToolsVersion = 15.0;
					};
				};
			};
			buildConfigurationList = 3A6F524D2AC068240015A42D /* Build configuration list for PBXProject "103" */;
			compatibilityVersion = "Xcode 14.0";
			developmentRegion = en;
			hasScannedForEncodings = 0;
			knownRegions = (
				en,
				Base,
			);
			mainGroup = 3A6F52492AC068240015A42D;
			productRefGroup = 3A6F52532AC068240015A42D /* Products */;
			projectDirPath = "";
			projectRoot = "";
			targets = (
				3A6F52512AC068240015A42D /* 103 */,
			);
		};
/* End PBXProject section */

/* Begin PBXResourcesBuildPhase section */
		3A6F52502AC068240015A42D /* Resources */ = {
			isa = PBXResourcesBuildPhase;
			buildActionMask = 2147483647;
			files = (
				3A6F52622AC068250015A42D /* LaunchScreen.storyboard in Resources */,
				3A6F525F2AC068250015A42D /* Assets.xcassets in Resources */,
				3A6F525D2AC068240015A42D /* Main.storyboard in Resources */,
			);
			runOnlyForDeploymentPostprocessing = 0;
		};
/* End PBXResourcesBuildPhase section */

/* Begin PBXSourcesBuildPhase section */
		3A6F524E2AC068240015A42D /* Sources */ = {
			isa = PBXSourcesBuildPhase;
			buildActionMask = 2147483647;
			files = (
				3A6F525A2AC068240015A42D /* AutificationViewController.swift in Sources */,
				3A6F52562AC068240015A42D /* AppDelegate.swift in Sources */,
				3A6F52702AC0A96F0015A42D /* ProductTableViewCell.swift in Sources */,
				3A6F526C2AC09DD90015A42D /* ShopViewController.swift in Sources */,
				3A6F52582AC068240015A42D /* SceneDelegate.swift in Sources */,
				3A6F526A2AC085150015A42D /* AuthorisationViewController.swift in Sources */,
				3A6F526E2AC0A1040015A42D /* Product.swift in Sources */,
			);
			runOnlyForDeploymentPostprocessing = 0;
		};
/* End PBXSourcesBuildPhase section */

/* Begin PBXVariantGroup section */
		3A6F525B2AC068240015A42D /* Main.storyboard */ = {
			isa = PBXVariantGroup;
			children = (
				3A6F525C2AC068240015A42D /* Base */,
			);
			name = Main.storyboard;
			sourceTree = "<group>";
		};
		3A6F52602AC068250015A42D /* LaunchScreen.storyboard */ = {
			isa = PBXVariantGroup;
			children = (
				3A6F52612AC068250015A42D /* Base */,
			);
			name = LaunchScreen.storyboard;
			sourceTree = "<group>";
		};
/* End PBXVariantGroup section */

/* Begin XCBuildConfiguration section */
		3A6F52642AC068250015A42D /* Debug */ = {
			isa = XCBuildConfiguration;
			buildSettings = {
				ALWAYS_SEARCH_USER_PATHS = NO;
				ASSETCATALOG_COMPILER_GENERATE_SWIFT_ASSET_SYMBOL_EXTENSIONS = YES;
				CLANG_ANALYZER_NONNULL = YES;
				CLANG_ANALYZER_NUMBER_OBJECT_CONVERSION = YES_AGGRESSIVE;
				CLANG_CXX_LANGUAGE_STANDARD = "gnu++20";
				CLANG_ENABLE_MODULES = YES;
				CLANG_ENABLE_OBJC_ARC = YES;
				CLANG_ENABLE_OBJC_WEAK = YES;
				CLANG_WARN_BLOCK_CAPTURE_AUTORELEASING = YES;
				CLANG_WARN_BOOL_CONVERSION = YES;
				CLANG_WARN_COMMA = YES;
				CLANG_WARN_CONSTANT_CONVERSION = YES;
				CLANG_WARN_DEPRECATED_OBJC_IMPLEMENTATIONS = YES;
				CLANG_WARN_DIRECT_OBJC_ISA_USAGE = YES_ERROR;
				CLANG_WARN_DOCUMENTATION_COMMENTS = YES;
				CLANG_WARN_EMPTY_BODY = YES;
				CLANG_WARN_ENUM_CONVERSION = YES;
				CLANG_WARN_INFINITE_RECURSION = YES;
				CLANG_WARN_INT_CONVERSION = YES;
				CLANG_WARN_NON_LITERAL_NULL_CONVERSION = YES;
				CLANG_WARN_OBJC_IMPLICIT_RETAIN_SELF = YES;
				CLANG_WARN_OBJC_LITERAL_CONVERSION = YES;
				CLANG_WARN_OBJC_ROOT_CLASS = YES_ERROR;
				CLANG_WARN_QUOTED_INCLUDE_IN_FRAMEWORK_HEADER = YES;
				CLANG_WARN_RANGE_LOOP_ANALYSIS = YES;
				CLANG_WARN_STRICT_PROTOTYPES = YES;
				CLANG_WARN_SUSPICIOUS_MOVE = YES;
				CLANG_WARN_UNGUARDED_AVAILABILITY = YES_AGGRESSIVE;
				CLANG_WARN_UNREACHABLE_CODE = YES;
				CLANG_WARN__DUPLICATE_METHOD_MATCH = YES;
				COPY_PHASE_STRIP = NO;
				DEBUG_INFORMATION_FORMAT = dwarf;
				ENABLE_STRICT_OBJC_MSGSEND = YES;
				ENABLE_TESTABILITY = YES;
				ENABLE_USER_SCRIPT_SANDBOXING = YES;
				GCC_C_LANGUAGE_STANDARD = gnu17;
				GCC_DYNAMIC_NO_PIC = NO;
				GCC_NO_COMMON_BLOCKS = YES;
				GCC_OPTIMIZATION_LEVEL = 0;
				GCC_PREPROCESSOR_DEFINITIONS = (
					"DEBUG=1",
					"$(inherited)",
				);
				GCC_WARN_64_TO_32_BIT_CONVERSION = YES;
				GCC_WARN_ABOUT_RETURN_TYPE = YES_ERROR;
				GCC_WARN_UNDECLARED_SELECTOR = YES;
				GCC_WARN_UNINITIALIZED_AUTOS = YES_AGGRESSIVE;
				GCC_WARN_UNUSED_FUNCTION = YES;
				GCC_WARN_UNUSED_VARIABLE = YES;
				IPHONEOS_DEPLOYMENT_TARGET = 17.0;
				LOCALIZATION_PREFERS_STRING_CATALOGS = YES;
				MTL_ENABLE_DEBUG_INFO = INCLUDE_SOURCE;
				MTL_FAST_MATH = YES;
				ONLY_ACTIVE_ARCH = YES;
				SDKROOT = iphoneos;
				SWIFT_ACTIVE_COMPILATION_CONDITIONS = "DEBUG $(inherited)";
				SWIFT_OPTIMIZATION_LEVEL = "-Onone";
			};
			name = Debug;
		};
		3A6F52652AC068250015A42D /* Release */ = {
			isa = XCBuildConfiguration;
			buildSettings = {
				ALWAYS_SEARCH_USER_PATHS = NO;
				ASSETCATALOG_COMPILER_GENERATE_SWIFT_ASSET_SYMBOL_EXTENSIONS = YES;
				CLANG_ANALYZER_NONNULL = YES;
				CLANG_ANALYZER_NUMBER_OBJECT_CONVERSION = YES_AGGRESSIVE;
				CLANG_CXX_LANGUAGE_STANDARD = "gnu++20";
				CLANG_ENABLE_MODULES = YES;
				CLANG_ENABLE_OBJC_ARC = YES;
				CLANG_ENABLE_OBJC_WEAK = YES;
				CLANG_WARN_BLOCK_CAPTURE_AUTORELEASING = YES;
				CLANG_WARN_BOOL_CONVERSION = YES;
				CLANG_WARN_COMMA = YES;
				CLANG_WARN_CONSTANT_CONVERSION = YES;
				CLANG_WARN_DEPRECATED_OBJC_IMPLEMENTATIONS = YES;
				CLANG_WARN_DIRECT_OBJC_ISA_USAGE = YES_ERROR;
				CLANG_WARN_DOCUMENTATION_COMMENTS = YES;
				CLANG_WARN_EMPTY_BODY = YES;
				CLANG_WARN_ENUM_CONVERSION = YES;
				CLANG_WARN_INFINITE_RECURSION = YES;
				CLANG_WARN_INT_CONVERSION = YES;
				CLANG_WARN_NON_LITERAL_NULL_CONVERSION = YES;
				CLANG_WARN_OBJC_IMPLICIT_RETAIN_SELF = YES;
				CLANG_WARN_OBJC_LITERAL_CONVERSION = YES;
				CLANG_WARN_OBJC_ROOT_CLASS = YES_ERROR;
				CLANG_WARN_QUOTED_INCLUDE_IN_FRAMEWORK_HEADER = YES;
				CLANG_WARN_RANGE_LOOP_ANALYSIS = YES;
				CLANG_WARN_STRICT_PROTOTYPES = YES;
				CLANG_WARN_SUSPICIOUS_MOVE = YES;
				CLANG_WARN_UNGUARDED_AVAILABILITY = YES_AGGRESSIVE;
				CLANG_WARN_UNREACHABLE_CODE = YES;
				CLANG_WARN__DUPLICATE_METHOD_MATCH = YES;
				COPY_PHASE_STRIP = NO;
				DEBUG_INFORMATION_FORMAT = "dwarf-with-dsym";
				ENABLE_NS_ASSERTIONS = NO;
				ENABLE_STRICT_OBJC_MSGSEND = YES;
				ENABLE_USER_SCRIPT_SANDBOXING = YES;
				GCC_C_LANGUAGE_STANDARD = gnu17;
				GCC_NO_COMMON_BLOCKS = YES;
				GCC_WARN_64_TO_32_BIT_CONVERSION = YES;
				GCC_WARN_ABOUT_RETURN_TYPE = YES_ERROR;
				GCC_WARN_UNDECLARED_SELECTOR = YES;
				GCC_WARN_UNINITIALIZED_AUTOS = YES_AGGRESSIVE;
				GCC_WARN_UNUSED_FUNCTION = YES;
				GCC_WARN_UNUSED_VARIABLE = YES;
				IPHONEOS_DEPLOYMENT_TARGET = 17.0;
				LOCALIZATION_PREFERS_STRING_CATALOGS = YES;
				MTL_ENABLE_DEBUG_INFO = NO;
				MTL_FAST_MATH = YES;
				SDKROOT = iphoneos;
				SWIFT_COMPILATION_MODE = wholemodule;
				VALIDATE_PRODUCT = YES;
			};
			name = Release;
		};
		3A6F52672AC068250015A42D /* Debug */ = {
			isa = XCBuildConfiguration;
			buildSettings = {
				ASSETCATALOG_COMPILER_APPICON_NAME = AppIcon;
				ASSETCATALOG_COMPILER_GLOBAL_ACCENT_COLOR_NAME = AccentColor;
				CODE_SIGN_STYLE = Automatic;
				CURRENT_PROJECT_VERSION = 1;
				DEVELOPMENT_TEAM = 327GR5686W;
				GENERATE_INFOPLIST_FILE = YES;
				INFOPLIST_FILE = 103/Info.plist;
				INFOPLIST_KEY_UIApplicationSupportsIndirectInputEvents = YES;
				INFOPLIST_KEY_UILaunchStoryboardName = LaunchScreen;
				INFOPLIST_KEY_UISupportedInterfaceOrientations_iPad = "UIInterfaceOrientationPortrait UIInterfaceOrientationPortraitUpsideDown UIInterfaceOrientationLandscapeLeft UIInterfaceOrientationLandscapeRight";
				INFOPLIST_KEY_UISupportedInterfaceOrientations_iPhone = "UIInterfaceOrientationPortrait UIInterfaceOrientationLandscapeLeft UIInterfaceOrientationLandscapeRight";
				LD_RUNPATH_SEARCH_PATHS = (
					"$(inherited)",
					"@executable_path/Frameworks",
				);
				MARKETING_VERSION = 1.0;
				PRODUCT_BUNDLE_IDENTIFIER = "new-project.-03";
				PRODUCT_NAME = "$(TARGET_NAME)";
				SWIFT_EMIT_LOC_STRINGS = YES;
				SWIFT_VERSION = 5.0;
				TARGETED_DEVICE_FAMILY = "1,2";
			};
			name = Debug;
		};
		3A6F52682AC068250015A42D /* Release */ = {
			isa = XCBuildConfiguration;
			buildSettings = {
				ASSETCATALOG_COMPILER_APPICON_NAME = AppIcon;
				ASSETCATALOG_COMPILER_GLOBAL_ACCENT_COLOR_NAME = AccentColor;
				CODE_SIGN_STYLE = Automatic;
				CURRENT_PROJECT_VERSION = 1;
				DEVELOPMENT_TEAM = 327GR5686W;
				GENERATE_INFOPLIST_FILE = YES;
				INFOPLIST_FILE = 103/Info.plist;
				INFOPLIST_KEY_UIApplicationSupportsIndirectInputEvents = YES;
				INFOPLIST_KEY_UILaunchStoryboardName = LaunchScreen;
				INFOPLIST_KEY_UISupportedInterfaceOrientations_iPad = "UIInterfaceOrientationPortrait UIInterfaceOrientationPortraitUpsideDown UIInterfaceOrientationLandscapeLeft UIInterfaceOrientationLandscapeRight";
				INFOPLIST_KEY_UISupportedInterfaceOrientations_iPhone = "UIInterfaceOrientationPortrait UIInterfaceOrientationLandscapeLeft UIInterfaceOrientationLandscapeRight";
				LD_RUNPATH_SEARCH_PATHS = (
					"$(inherited)",
					"@executable_path/Frameworks",
				);
				MARKETING_VERSION = 1.0;
				PRODUCT_BUNDLE_IDENTIFIER = "new-project.-03";
				PRODUCT_NAME = "$(TARGET_NAME)";
				SWIFT_EMIT_LOC_STRINGS = YES;
				SWIFT_VERSION = 5.0;
				TARGETED_DEVICE_FAMILY = "1,2";
			};
			name = Release;
		};
/* End XCBuildConfiguration section */

/* Begin XCConfigurationList section */
		3A6F524D2AC068240015A42D /* Build configuration list for PBXProject "103" */ = {
			isa = XCConfigurationList;
			buildConfigurations = (
				3A6F52642AC068250015A42D /* Debug */,
				3A6F52652AC068250015A42D /* Release */,
			);
			defaultConfigurationIsVisible = 0;
			defaultConfigurationName = Release;
		};
		3A6F52662AC068250015A42D /* Build configuration list for PBXNativeTarget "103" */ = {
			isa = XCConfigurationList;
			buildConfigurations = (
				3A6F52672AC068250015A42D /* Debug */,
				3A6F52682AC068250015A42D /* Release */,
			);
			defaultConfigurationIsVisible = 0;
			defaultConfigurationName = Release;
		};
/* End XCConfigurationList section */
	};
	rootObject = 3A6F524A2AC068240015A42D /* Project object */;
}
